// !$*UTF8*$!
{
	archiveVersion = 1;
	classes = {
	};
	objectVersion = 56;
	objects = {

/* Begin PBXBuildFile section */
		1C0B53712CAD34F300256FE2 /* BottomButton.swift in Sources */ = {isa = PBXBuildFile; fileRef = 1C0B53702CAD34F300256FE2 /* BottomButton.swift */; };
		1C0B53762CAFA33A00256FE2 /* WorkoutConfirmationFeature.swift in Sources */ = {isa = PBXBuildFile; fileRef = 1C0B53752CAFA33A00256FE2 /* WorkoutConfirmationFeature.swift */; };
		1C0B53782CAFA40C00256FE2 /* WorkOutCompletedFeature.swift in Sources */ = {isa = PBXBuildFile; fileRef = 1C0B53772CAFA40900256FE2 /* WorkOutCompletedFeature.swift */; };
		1C0B537D2CAFB97900256FE2 /* WorkOutCompletedTopView.swift in Sources */ = {isa = PBXBuildFile; fileRef = 1C0B537C2CAFB97100256FE2 /* WorkOutCompletedTopView.swift */; };
		1C0B537F2CAFBAD000256FE2 /* WorkOutCompletedProgramView.swift in Sources */ = {isa = PBXBuildFile; fileRef = 1C0B537E2CAFBAC500256FE2 /* WorkOutCompletedProgramView.swift */; };
		1C1D04F72CBE295900BDA52D /* DayWorkoutCoreEntity+CoreDataProperties.swift in Sources */ = {isa = PBXBuildFile; fileRef = 1C1D04ED2CBE295900BDA52D /* DayWorkoutCoreEntity+CoreDataProperties.swift */; };
		1C1D04F82CBE295900BDA52D /* ProgramCoreEntity+CoreDataProperties.swift in Sources */ = {isa = PBXBuildFile; fileRef = 1C1D04EF2CBE295900BDA52D /* ProgramCoreEntity+CoreDataProperties.swift */; };
		1C1D04F92CBE295900BDA52D /* ProgramCoreEntity+CoreDataClass.swift in Sources */ = {isa = PBXBuildFile; fileRef = 1C1D04EE2CBE295900BDA52D /* ProgramCoreEntity+CoreDataClass.swift */; };
		1C1D04FA2CBE295900BDA52D /* WodSetCoreEntity+CoreDataProperties.swift in Sources */ = {isa = PBXBuildFile; fileRef = 1C1D04F32CBE295900BDA52D /* WodSetCoreEntity+CoreDataProperties.swift */; };
		1C1D04FB2CBE295900BDA52D /* WodSetCoreEntity+CoreDataClass.swift in Sources */ = {isa = PBXBuildFile; fileRef = 1C1D04F22CBE295900BDA52D /* WodSetCoreEntity+CoreDataClass.swift */; };
		1C1D04FC2CBE295900BDA52D /* DayWorkoutCoreEntity+CoreDataClass.swift in Sources */ = {isa = PBXBuildFile; fileRef = 1C1D04EC2CBE295900BDA52D /* DayWorkoutCoreEntity+CoreDataClass.swift */; };
		1C1D04FD2CBE295900BDA52D /* WodCoreEntity+CoreDataClass.swift in Sources */ = {isa = PBXBuildFile; fileRef = 1C1D04F02CBE295900BDA52D /* WodCoreEntity+CoreDataClass.swift */; };
		1C1D04FE2CBE295900BDA52D /* WodCoreEntity+CoreDataProperties.swift in Sources */ = {isa = PBXBuildFile; fileRef = 1C1D04F12CBE295900BDA52D /* WodCoreEntity+CoreDataProperties.swift */; };
		1C1D04FF2CBE295900BDA52D /* WorkoutCoreEntity+CoreDataProperties.swift in Sources */ = {isa = PBXBuildFile; fileRef = 1C1D04F52CBE295900BDA52D /* WorkoutCoreEntity+CoreDataProperties.swift */; };
		1C1D05002CBE295900BDA52D /* WorkoutCoreEntity+CoreDataClass.swift in Sources */ = {isa = PBXBuildFile; fileRef = 1C1D04F42CBE295900BDA52D /* WorkoutCoreEntity+CoreDataClass.swift */; };
		1C1D05022CBE2A1100BDA52D /* WodSetModel.swift in Sources */ = {isa = PBXBuildFile; fileRef = 1C1D05012CBE2A1100BDA52D /* WodSetModel.swift */; };
		1C1D05062CBE2B7400BDA52D /* WorkOutListFeature.swift in Sources */ = {isa = PBXBuildFile; fileRef = 1C1D05052CBE2B7400BDA52D /* WorkOutListFeature.swift */; };
		1C1D050B2CBE2C1800BDA52D /* WodClient.swift in Sources */ = {isa = PBXBuildFile; fileRef = 1C1D05072CBE2C1800BDA52D /* WodClient.swift */; };
		1C1D050C2CBE2C1800BDA52D /* WodCoreDataProvider.swift in Sources */ = {isa = PBXBuildFile; fileRef = 1C1D05092CBE2C1800BDA52D /* WodCoreDataProvider.swift */; };
		1C1D050D2CBE2C1800BDA52D /* WodCoreData.swift in Sources */ = {isa = PBXBuildFile; fileRef = 1C1D05082CBE2C1800BDA52D /* WodCoreData.swift */; };
		1C1D05112CBE2ED800BDA52D /* WorkoutModel.swift in Sources */ = {isa = PBXBuildFile; fileRef = 1C1D05102CBE2ED800BDA52D /* WorkoutModel.swift */; };
		1C1D05172CBE421200BDA52D /* TodayWodCoreData.xcdatamodeld in Sources */ = {isa = PBXBuildFile; fileRef = 1C1D05152CBE421200BDA52D /* TodayWodCoreData.xcdatamodeld */; };
		1C4EE0AB2CA18B630017F1D4 /* WodSetView.swift in Sources */ = {isa = PBXBuildFile; fileRef = 1C4EE0A72CA18B630017F1D4 /* WodSetView.swift */; };
		1C4EE0AC2CA18B630017F1D4 /* WodView.swift in Sources */ = {isa = PBXBuildFile; fileRef = 1C4EE0A82CA18B630017F1D4 /* WodView.swift */; };
		1C4EE0AD2CA18B630017F1D4 /* WorkOutDetailTitleView.swift in Sources */ = {isa = PBXBuildFile; fileRef = 1C4EE0A92CA18B630017F1D4 /* WorkOutDetailTitleView.swift */; };
		1C622DB92CABCBB20034834E /* Extension+Int.swift in Sources */ = {isa = PBXBuildFile; fileRef = 1C622DB82CABCBB20034834E /* Extension+Int.swift */; };
		1C6DCBAF2CBBFF4700ED56B2 /* CompletedDate+Entity.swift in Sources */ = {isa = PBXBuildFile; fileRef = 1C6DCBAE2CBBFF3000ED56B2 /* CompletedDate+Entity.swift */; };
		1C6DCBB12CBC028E00ED56B2 /* RecentDayWorkOut+Entity.swift in Sources */ = {isa = PBXBuildFile; fileRef = 1C6DCBB02CBC028000ED56B2 /* RecentDayWorkOut+Entity.swift */; };
		1C6DCBB32CBC02FF00ED56B2 /* CompletedDateModel.swift in Sources */ = {isa = PBXBuildFile; fileRef = 1C6DCBB22CBC02F700ED56B2 /* CompletedDateModel.swift */; };
		1C6DCBB52CC0049B00ED56B2 /* WorkoutConfirmationType.swift in Sources */ = {isa = PBXBuildFile; fileRef = 1C6DCBB42CC0049800ED56B2 /* WorkoutConfirmationType.swift */; };
		1C6DCBB92CC1488800ED56B2 /* RecentWodCoreDataProvider.swift in Sources */ = {isa = PBXBuildFile; fileRef = 1C6DCBB82CC1488800ED56B2 /* RecentWodCoreDataProvider.swift */; };
		1C6DCBCE2CC14F3800ED56B2 /* RecentActivitiesCoreEntity+CoreDataClass.swift in Sources */ = {isa = PBXBuildFile; fileRef = 1C6DCBCC2CC14F3800ED56B2 /* RecentActivitiesCoreEntity+CoreDataClass.swift */; };
		1C6DCBCF2CC14F3800ED56B2 /* RecentActivitiesCoreEntity+CoreDataProperties.swift in Sources */ = {isa = PBXBuildFile; fileRef = 1C6DCBCD2CC14F3800ED56B2 /* RecentActivitiesCoreEntity+CoreDataProperties.swift */; };
		1C6DCBD52CC1522300ED56B2 /* CoreDataError.swift in Sources */ = {isa = PBXBuildFile; fileRef = 1C6DCBD42CC1522000ED56B2 /* CoreDataError.swift */; };
		1C6DCBD72CC158E600ED56B2 /* RecentActivitesModel.swift in Sources */ = {isa = PBXBuildFile; fileRef = 1C6DCBD62CC158DE00ED56B2 /* RecentActivitesModel.swift */; };
		1C6DCBF02CC5528500ED56B2 /* CompletedDayWorkoutCoreEntity+CoreDataClass.swift in Sources */ = {isa = PBXBuildFile; fileRef = 1C6DCBEE2CC5528500ED56B2 /* CompletedDayWorkoutCoreEntity+CoreDataClass.swift */; };
		1C6DCBF12CC5528500ED56B2 /* CompletedDayWorkoutCoreEntity+CoreDataProperties.swift in Sources */ = {isa = PBXBuildFile; fileRef = 1C6DCBEF2CC5528500ED56B2 /* CompletedDayWorkoutCoreEntity+CoreDataProperties.swift */; };
		1C6DCBF32CC5534400ED56B2 /* CompletedWodCoreDataProvider.swift in Sources */ = {isa = PBXBuildFile; fileRef = 1C6DCBF22CC5533900ED56B2 /* CompletedWodCoreDataProvider.swift */; };
		1C78C2D72C9BA0B60053E9AA /* CustomDivider.swift in Sources */ = {isa = PBXBuildFile; fileRef = 1C78C2D52C9BA0B60053E9AA /* CustomDivider.swift */; };
		1C78C2D82C9BA0B60053E9AA /* RoundedCorner.swift in Sources */ = {isa = PBXBuildFile; fileRef = 1C78C2D62C9BA0B60053E9AA /* RoundedCorner.swift */; };
		1C8708BF2CACDB8A00967DFE /* AppEnvironment.swift in Sources */ = {isa = PBXBuildFile; fileRef = 1C8708BD2CACDB8A00967DFE /* AppEnvironment.swift */; };
		1C9C9F682CABA85900157001 /* Programs+Entity.swift in Sources */ = {isa = PBXBuildFile; fileRef = 1C9C9F662CABA85900157001 /* Programs+Entity.swift */; };
		1C9C9F6B2CABA89600157001 /* WorkOutNavigationView.swift in Sources */ = {isa = PBXBuildFile; fileRef = 1C9C9F692CABA89600157001 /* WorkOutNavigationView.swift */; };
		1C9C9F6D2CABB49B00157001 /* Programs+Dummy.swift in Sources */ = {isa = PBXBuildFile; fileRef = 1C9C9F6C2CABB49B00157001 /* Programs+Dummy.swift */; };
		1C9C9F702CABB67300157001 /* WorkOutTitleView.swift in Sources */ = {isa = PBXBuildFile; fileRef = 1C9C9F6E2CABB67300157001 /* WorkOutTitleView.swift */; };
		1C9C9F712CABB67300157001 /* WorkOutNewChallengeView.swift in Sources */ = {isa = PBXBuildFile; fileRef = 1C9C9F6F2CABB67300157001 /* WorkOutNewChallengeView.swift */; };
		1C9C9F732CABBA3A00157001 /* Extension+Array.swift in Sources */ = {isa = PBXBuildFile; fileRef = 1C9C9F722CABBA3A00157001 /* Extension+Array.swift */; };
		1CBE5C112CC0855600B6FD2D /* WodSetDefaultView.swift in Sources */ = {isa = PBXBuildFile; fileRef = 1CBE5C102CC0854F00B6FD2D /* WodSetDefaultView.swift */; };
		1CC1FCCD2C91C532005FC6A2 /* Images.xcassets in Resources */ = {isa = PBXBuildFile; fileRef = 1CC1FCCC2C91C532005FC6A2 /* Images.xcassets */; };
		1CFED2D12C9B9C0D000A09E5 /* WorkoutType.swift in Sources */ = {isa = PBXBuildFile; fileRef = 1CFED2CC2C9B9C0D000A09E5 /* WorkoutType.swift */; };
		1CFED2D22C9B9C0D000A09E5 /* ProgramsModel.swift in Sources */ = {isa = PBXBuildFile; fileRef = 1CFED2CD2C9B9C0D000A09E5 /* ProgramsModel.swift */; };
		1CFED2D32C9B9C0D000A09E5 /* DayWorkoutTagType.swift in Sources */ = {isa = PBXBuildFile; fileRef = 1CFED2CE2C9B9C0D000A09E5 /* DayWorkoutTagType.swift */; };
		1CFED2D52C9B9C0D000A09E5 /* ExerciseUnit.swift in Sources */ = {isa = PBXBuildFile; fileRef = 1CFED2D02C9B9C0D000A09E5 /* ExerciseUnit.swift */; };
		1CFED2E32C9B9C9B000A09E5 /* WorkOutEmptyView.swift in Sources */ = {isa = PBXBuildFile; fileRef = 1CFED2DA2C9B9C9B000A09E5 /* WorkOutEmptyView.swift */; };
		1CFED2E52C9B9C9B000A09E5 /* WorkOutDetailFeature.swift in Sources */ = {isa = PBXBuildFile; fileRef = 1CFED2DD2C9B9C9B000A09E5 /* WorkOutDetailFeature.swift */; };
		1CFED2E62C9B9C9B000A09E5 /* WorkOutFeature.swift in Sources */ = {isa = PBXBuildFile; fileRef = 1CFED2DF2C9B9C9B000A09E5 /* WorkOutFeature.swift */; };
		1CFED2E72C9B9C9B000A09E5 /* WorkOutDayFeature.swift in Sources */ = {isa = PBXBuildFile; fileRef = 1CFED2E12C9B9C9B000A09E5 /* WorkOutDayFeature.swift */; };
		49101A702C8D373D00FDB709 /* AppFeature.swift in Sources */ = {isa = PBXBuildFile; fileRef = 49101A6F2C8D373D00FDB709 /* AppFeature.swift */; };
		49101A722C8D374400FDB709 /* HomeFeature.swift in Sources */ = {isa = PBXBuildFile; fileRef = 49101A712C8D374400FDB709 /* HomeFeature.swift */; };
		49101A752C8D37A500FDB709 /* MyActivityFeature.swift in Sources */ = {isa = PBXBuildFile; fileRef = 49101A742C8D37A500FDB709 /* MyActivityFeature.swift */; };
		49101A7A2C8D3DE800FDB709 /* TodayWod.swift in Sources */ = {isa = PBXBuildFile; fileRef = 49101A792C8D3DE800FDB709 /* TodayWod.swift */; };
		49101A7C2C8F3D3100FDB709 /* SocialLoginFeature.swift in Sources */ = {isa = PBXBuildFile; fileRef = 49101A7B2C8F3D3100FDB709 /* SocialLoginFeature.swift */; };
		49101A802C9086B800FDB709 /* UserDefaultsManager.swift in Sources */ = {isa = PBXBuildFile; fileRef = 49101A7F2C9086B800FDB709 /* UserDefaultsManager.swift */; };
		49101A832C90878300FDB709 /* UserInfoModel.swift in Sources */ = {isa = PBXBuildFile; fileRef = 49101A822C90878300FDB709 /* UserInfoModel.swift */; };
		49593C292C9570F4006105D1 /* Pretendard-Thin.otf in Resources */ = {isa = PBXBuildFile; fileRef = 49593C202C9570F3006105D1 /* Pretendard-Thin.otf */; };
		49593C2A2C9570F4006105D1 /* Pretendard-Bold.otf in Resources */ = {isa = PBXBuildFile; fileRef = 49593C212C9570F3006105D1 /* Pretendard-Bold.otf */; };
		49593C2B2C9570F4006105D1 /* Pretendard-Medium.otf in Resources */ = {isa = PBXBuildFile; fileRef = 49593C222C9570F4006105D1 /* Pretendard-Medium.otf */; };
		49593C2C2C9570F4006105D1 /* Pretendard-Black.otf in Resources */ = {isa = PBXBuildFile; fileRef = 49593C232C9570F4006105D1 /* Pretendard-Black.otf */; };
		49593C2D2C9570F4006105D1 /* Pretendard-Regular.otf in Resources */ = {isa = PBXBuildFile; fileRef = 49593C242C9570F4006105D1 /* Pretendard-Regular.otf */; };
		49593C2E2C9570F4006105D1 /* Pretendard-SemiBold.otf in Resources */ = {isa = PBXBuildFile; fileRef = 49593C252C9570F4006105D1 /* Pretendard-SemiBold.otf */; };
		49593C2F2C9570F4006105D1 /* Pretendard-Light.otf in Resources */ = {isa = PBXBuildFile; fileRef = 49593C262C9570F4006105D1 /* Pretendard-Light.otf */; };
		49593C302C9570F4006105D1 /* Pretendard-ExtraBold.otf in Resources */ = {isa = PBXBuildFile; fileRef = 49593C272C9570F4006105D1 /* Pretendard-ExtraBold.otf */; };
		49593C312C9570F4006105D1 /* Pretendard-ExtraLight.otf in Resources */ = {isa = PBXBuildFile; fileRef = 49593C282C9570F4006105D1 /* Pretendard-ExtraLight.otf */; };
		49593C332C969126006105D1 /* CustomNavigationView.swift in Sources */ = {isa = PBXBuildFile; fileRef = 49593C322C969126006105D1 /* CustomNavigationView.swift */; };
		49593C362C969294006105D1 /* ButtonTextModifier.swift in Sources */ = {isa = PBXBuildFile; fileRef = 49593C352C969293006105D1 /* ButtonTextModifier.swift */; };
		49593C3A2C969BC2006105D1 /* HeightInputFeature.swift in Sources */ = {isa = PBXBuildFile; fileRef = 49593C392C969BC2006105D1 /* HeightInputFeature.swift */; };
		497C0F032C9E463900F7444E /* LevelType.swift in Sources */ = {isa = PBXBuildFile; fileRef = 497C0EFE2C9E463900F7444E /* LevelType.swift */; };
		497C0F052C9E463900F7444E /* GenderType.swift in Sources */ = {isa = PBXBuildFile; fileRef = 497C0F002C9E463900F7444E /* GenderType.swift */; };
		497C0F072C9E463900F7444E /* OnboardingUserInfoModel.swift in Sources */ = {isa = PBXBuildFile; fileRef = 497C0F022C9E463900F7444E /* OnboardingUserInfoModel.swift */; };
		497C0F092C9E466500F7444E /* TabMenuItem.swift in Sources */ = {isa = PBXBuildFile; fileRef = 497C0F082C9E466500F7444E /* TabMenuItem.swift */; };
		497C0F0E2C9E6D7100F7444E /* BreakTimeFeature.swift in Sources */ = {isa = PBXBuildFile; fileRef = 497C0F0D2C9E6D7100F7444E /* BreakTimeFeature.swift */; };
		497C0F102C9ECDBC00F7444E /* BottomSheetModifier.swift in Sources */ = {isa = PBXBuildFile; fileRef = 497C0F0F2C9ECDBC00F7444E /* BottomSheetModifier.swift */; };
		497C0F142CA02A6400F7444E /* CalendarHeaderView.swift in Sources */ = {isa = PBXBuildFile; fileRef = 497C0F132CA02A6400F7444E /* CalendarHeaderView.swift */; };
		497C0F1B2CA02CD800F7444E /* Extension+Date.swift in Sources */ = {isa = PBXBuildFile; fileRef = 497C0F1A2CA02CD800F7444E /* Extension+Date.swift */; };
		497C0F1D2CA02E9000F7444E /* CalendarGridView.swift in Sources */ = {isa = PBXBuildFile; fileRef = 497C0F1C2CA02E9000F7444E /* CalendarGridView.swift */; };
		497C0F1F2CA0309100F7444E /* CalendarCellView.swift in Sources */ = {isa = PBXBuildFile; fileRef = 497C0F1E2CA0309100F7444E /* CalendarCellView.swift */; };
		4987120B2CA2F48E00FB876E /* MyPageFeature.swift in Sources */ = {isa = PBXBuildFile; fileRef = 4987120A2CA2F48E00FB876E /* MyPageFeature.swift */; };
		4987120F2CA447C700FB876E /* CelebrateFeature.swift in Sources */ = {isa = PBXBuildFile; fileRef = 4987120E2CA447C700FB876E /* CelebrateFeature.swift */; };
		498712142CA7997800FB876E /* EntryType.swift in Sources */ = {isa = PBXBuildFile; fileRef = 498712132CA7997800FB876E /* EntryType.swift */; };
		4992E6822C97E068001A1375 /* WeightInputFeature.swift in Sources */ = {isa = PBXBuildFile; fileRef = 4992E6812C97E068001A1375 /* WeightInputFeature.swift */; };
		4992E6852C980A04001A1375 /* LevelSelectFeature.swift in Sources */ = {isa = PBXBuildFile; fileRef = 4992E6842C980A04001A1375 /* LevelSelectFeature.swift */; };
		4992E6882C983DF6001A1375 /* MethodSelectFeature.swift in Sources */ = {isa = PBXBuildFile; fileRef = 4992E6872C983DF6001A1375 /* MethodSelectFeature.swift */; };
		4992E68B2C98601B001A1375 /* MethodDescriptionFeature.swift in Sources */ = {isa = PBXBuildFile; fileRef = 4992E68A2C98601B001A1375 /* MethodDescriptionFeature.swift */; };
		4992E68D2C9865D5001A1375 /* ProgramMethodType.swift in Sources */ = {isa = PBXBuildFile; fileRef = 4992E68C2C9865D5001A1375 /* ProgramMethodType.swift */; };
		4992E6902C9AA82A001A1375 /* CustomTabView.swift in Sources */ = {isa = PBXBuildFile; fileRef = 4992E68F2C9AA82A001A1375 /* CustomTabView.swift */; };
		499B07532C8BD6B700C46FDD /* TodayWodApp.swift in Sources */ = {isa = PBXBuildFile; fileRef = 499B07522C8BD6B700C46FDD /* TodayWodApp.swift */; };
		499B07572C8BD6B900C46FDD /* Assets.xcassets in Resources */ = {isa = PBXBuildFile; fileRef = 499B07562C8BD6B900C46FDD /* Assets.xcassets */; };
		499B075A2C8BD6B900C46FDD /* Preview Assets.xcassets in Resources */ = {isa = PBXBuildFile; fileRef = 499B07592C8BD6B900C46FDD /* Preview Assets.xcassets */; };
		499B07622C8BEEFD00C46FDD /* ComposableArchitecture in Frameworks */ = {isa = PBXBuildFile; productRef = 499B07612C8BEEFD00C46FDD /* ComposableArchitecture */; };
		499B07662C8BEFBF00C46FDD /* Colors.xcassets in Resources */ = {isa = PBXBuildFile; fileRef = 499B07652C8BEFBF00C46FDD /* Colors.xcassets */; };
		499B07692C8BEFDB00C46FDD /* SplashFeature.swift in Sources */ = {isa = PBXBuildFile; fileRef = 499B07682C8BEFDB00C46FDD /* SplashFeature.swift */; };
		49B8AF062C8C5D3900EA78CC /* Colors+Generated.swift in Sources */ = {isa = PBXBuildFile; fileRef = 49B8AF042C8C5D3900EA78CC /* Colors+Generated.swift */; };
		49B8AF072C8C5D3900EA78CC /* Images+Generated.swift in Sources */ = {isa = PBXBuildFile; fileRef = 49B8AF052C8C5D3900EA78CC /* Images+Generated.swift */; };
		AD1FE4352CB4A9560045CE57 /* LevelCardView.swift in Sources */ = {isa = PBXBuildFile; fileRef = AD1FE4342CB4A9560045CE57 /* LevelCardView.swift */; };
		AD1FE4372CB4AE2A0045CE57 /* MethodMenuView.swift in Sources */ = {isa = PBXBuildFile; fileRef = AD1FE4362CB4AE2A0045CE57 /* MethodMenuView.swift */; };
		AD386C302C9D3A470038C27F /* CalendarView.swift in Sources */ = {isa = PBXBuildFile; fileRef = AD386C2F2C9D3A470038C27F /* CalendarView.swift */; };
		AD386C322CA387750038C27F /* ProfileView.swift in Sources */ = {isa = PBXBuildFile; fileRef = AD386C312CA387750038C27F /* ProfileView.swift */; };
		AD386C342CA38FF20038C27F /* MyInfoView.swift in Sources */ = {isa = PBXBuildFile; fileRef = AD386C332CA38FF20038C27F /* MyInfoView.swift */; };
		AD386C362CA390290038C27F /* MyPageRowItemView.swift in Sources */ = {isa = PBXBuildFile; fileRef = AD386C352CA390290038C27F /* MyPageRowItemView.swift */; };
		AD386C3B2CA391740038C27F /* VersionInfoView.swift in Sources */ = {isa = PBXBuildFile; fileRef = AD386C3A2CA391740038C27F /* VersionInfoView.swift */; };
		AD386C432CA66F460038C27F /* ModifyProfileFeature.swift in Sources */ = {isa = PBXBuildFile; fileRef = AD386C422CA66F460038C27F /* ModifyProfileFeature.swift */; };
		AD386C462CA69B040038C27F /* ModifyWeightFeature.swift in Sources */ = {isa = PBXBuildFile; fileRef = AD386C452CA69B040038C27F /* ModifyWeightFeature.swift */; };
		AD386C4A2CAA90ED0038C27F /* Extension+String.swift in Sources */ = {isa = PBXBuildFile; fileRef = AD386C492CAA90ED0038C27F /* Extension+String.swift */; };
		ADBACAA32C92D4BF00BED61C /* GenderSelectFeature.swift in Sources */ = {isa = PBXBuildFile; fileRef = ADBACAA22C92D4BF00BED61C /* GenderSelectFeature.swift */; };
		ADC5B0582C92E04000E06C8E /* NicknameFeature.swift in Sources */ = {isa = PBXBuildFile; fileRef = ADC5B0572C92E04000E06C8E /* NicknameFeature.swift */; };
		ADC5B0642C93D4DC00E06C8E /* Fonts+Generated.swift in Sources */ = {isa = PBXBuildFile; fileRef = ADC5B0632C93D4DC00E06C8E /* Fonts+Generated.swift */; };
		ADCEE0FF2CBDDD0400D71FEB /* APIRequest.swift in Sources */ = {isa = PBXBuildFile; fileRef = ADCEE0FE2CBDDD0400D71FEB /* APIRequest.swift */; };
		ADCEE1032CBDE03D00D71FEB /* HTTPMethodType.swift in Sources */ = {isa = PBXBuildFile; fileRef = ADCEE1022CBDE03D00D71FEB /* HTTPMethodType.swift */; };
		ADCEE1052CBDE16700D71FEB /* HeaderField.swift in Sources */ = {isa = PBXBuildFile; fileRef = ADCEE1042CBDE16700D71FEB /* HeaderField.swift */; };
		ADCEE1082CBDEC5000D71FEB /* Alamofire in Frameworks */ = {isa = PBXBuildFile; productRef = ADCEE1072CBDEC5000D71FEB /* Alamofire */; };
		ADCEE10A2CBDF53F00D71FEB /* BaseService.swift in Sources */ = {isa = PBXBuildFile; fileRef = ADCEE1092CBDF53F00D71FEB /* BaseService.swift */; };
		ADCEE10E2CBE202D00D71FEB /* ProgramRepository.swift in Sources */ = {isa = PBXBuildFile; fileRef = ADCEE10D2CBE202D00D71FEB /* ProgramRepository.swift */; };
		ADCEE1132CBE296600D71FEB /* ProgramRequestModel.swift in Sources */ = {isa = PBXBuildFile; fileRef = ADCEE1122CBE296600D71FEB /* ProgramRequestModel.swift */; };
		ADCEE1152CBE2A3800D71FEB /* RequestBodyPresentable.swift in Sources */ = {isa = PBXBuildFile; fileRef = ADCEE1142CBE2A3800D71FEB /* RequestBodyPresentable.swift */; };
		ADCEE1172CBE2A8E00D71FEB /* DictPresentable.swift in Sources */ = {isa = PBXBuildFile; fileRef = ADCEE1162CBE2A8E00D71FEB /* DictPresentable.swift */; };
		ADCEE1192CBE2DD800D71FEB /* APIClient.swift in Sources */ = {isa = PBXBuildFile; fileRef = ADCEE1182CBE2DD800D71FEB /* APIClient.swift */; };
		ADCEE1622CBF8F5900D71FEB /* Logger.swift in Sources */ = {isa = PBXBuildFile; fileRef = ADCEE1612CBF8F5900D71FEB /* Logger.swift */; };
/* End PBXBuildFile section */

/* Begin PBXFileReference section */
		1C0B53702CAD34F300256FE2 /* BottomButton.swift */ = {isa = PBXFileReference; lastKnownFileType = sourcecode.swift; path = BottomButton.swift; sourceTree = "<group>"; };
		1C0B53752CAFA33A00256FE2 /* WorkoutConfirmationFeature.swift */ = {isa = PBXFileReference; lastKnownFileType = sourcecode.swift; path = WorkoutConfirmationFeature.swift; sourceTree = "<group>"; };
		1C0B53772CAFA40900256FE2 /* WorkOutCompletedFeature.swift */ = {isa = PBXFileReference; lastKnownFileType = sourcecode.swift; path = WorkOutCompletedFeature.swift; sourceTree = "<group>"; };
		1C0B537C2CAFB97100256FE2 /* WorkOutCompletedTopView.swift */ = {isa = PBXFileReference; lastKnownFileType = sourcecode.swift; path = WorkOutCompletedTopView.swift; sourceTree = "<group>"; };
		1C0B537E2CAFBAC500256FE2 /* WorkOutCompletedProgramView.swift */ = {isa = PBXFileReference; lastKnownFileType = sourcecode.swift; path = WorkOutCompletedProgramView.swift; sourceTree = "<group>"; };
		1C1D04EC2CBE295900BDA52D /* DayWorkoutCoreEntity+CoreDataClass.swift */ = {isa = PBXFileReference; lastKnownFileType = sourcecode.swift; path = "DayWorkoutCoreEntity+CoreDataClass.swift"; sourceTree = "<group>"; };
		1C1D04ED2CBE295900BDA52D /* DayWorkoutCoreEntity+CoreDataProperties.swift */ = {isa = PBXFileReference; lastKnownFileType = sourcecode.swift; path = "DayWorkoutCoreEntity+CoreDataProperties.swift"; sourceTree = "<group>"; };
		1C1D04EE2CBE295900BDA52D /* ProgramCoreEntity+CoreDataClass.swift */ = {isa = PBXFileReference; lastKnownFileType = sourcecode.swift; path = "ProgramCoreEntity+CoreDataClass.swift"; sourceTree = "<group>"; };
		1C1D04EF2CBE295900BDA52D /* ProgramCoreEntity+CoreDataProperties.swift */ = {isa = PBXFileReference; lastKnownFileType = sourcecode.swift; path = "ProgramCoreEntity+CoreDataProperties.swift"; sourceTree = "<group>"; };
		1C1D04F02CBE295900BDA52D /* WodCoreEntity+CoreDataClass.swift */ = {isa = PBXFileReference; lastKnownFileType = sourcecode.swift; path = "WodCoreEntity+CoreDataClass.swift"; sourceTree = "<group>"; };
		1C1D04F12CBE295900BDA52D /* WodCoreEntity+CoreDataProperties.swift */ = {isa = PBXFileReference; lastKnownFileType = sourcecode.swift; path = "WodCoreEntity+CoreDataProperties.swift"; sourceTree = "<group>"; };
		1C1D04F22CBE295900BDA52D /* WodSetCoreEntity+CoreDataClass.swift */ = {isa = PBXFileReference; lastKnownFileType = sourcecode.swift; path = "WodSetCoreEntity+CoreDataClass.swift"; sourceTree = "<group>"; };
		1C1D04F32CBE295900BDA52D /* WodSetCoreEntity+CoreDataProperties.swift */ = {isa = PBXFileReference; lastKnownFileType = sourcecode.swift; path = "WodSetCoreEntity+CoreDataProperties.swift"; sourceTree = "<group>"; };
		1C1D04F42CBE295900BDA52D /* WorkoutCoreEntity+CoreDataClass.swift */ = {isa = PBXFileReference; lastKnownFileType = sourcecode.swift; path = "WorkoutCoreEntity+CoreDataClass.swift"; sourceTree = "<group>"; };
		1C1D04F52CBE295900BDA52D /* WorkoutCoreEntity+CoreDataProperties.swift */ = {isa = PBXFileReference; lastKnownFileType = sourcecode.swift; path = "WorkoutCoreEntity+CoreDataProperties.swift"; sourceTree = "<group>"; };
		1C1D05012CBE2A1100BDA52D /* WodSetModel.swift */ = {isa = PBXFileReference; lastKnownFileType = sourcecode.swift; path = WodSetModel.swift; sourceTree = "<group>"; };
		1C1D05052CBE2B7400BDA52D /* WorkOutListFeature.swift */ = {isa = PBXFileReference; lastKnownFileType = sourcecode.swift; path = WorkOutListFeature.swift; sourceTree = "<group>"; };
		1C1D05072CBE2C1800BDA52D /* WodClient.swift */ = {isa = PBXFileReference; lastKnownFileType = sourcecode.swift; path = WodClient.swift; sourceTree = "<group>"; };
		1C1D05082CBE2C1800BDA52D /* WodCoreData.swift */ = {isa = PBXFileReference; lastKnownFileType = sourcecode.swift; path = WodCoreData.swift; sourceTree = "<group>"; };
		1C1D05092CBE2C1800BDA52D /* WodCoreDataProvider.swift */ = {isa = PBXFileReference; lastKnownFileType = sourcecode.swift; path = WodCoreDataProvider.swift; sourceTree = "<group>"; };
		1C1D05102CBE2ED800BDA52D /* WorkoutModel.swift */ = {isa = PBXFileReference; lastKnownFileType = sourcecode.swift; path = WorkoutModel.swift; sourceTree = "<group>"; };
		1C1D05162CBE421200BDA52D /* TodayWodCoreData.xcdatamodel */ = {isa = PBXFileReference; lastKnownFileType = wrapper.xcdatamodel; path = TodayWodCoreData.xcdatamodel; sourceTree = "<group>"; };
		1C4EE0A72CA18B630017F1D4 /* WodSetView.swift */ = {isa = PBXFileReference; fileEncoding = 4; lastKnownFileType = sourcecode.swift; path = WodSetView.swift; sourceTree = "<group>"; };
		1C4EE0A82CA18B630017F1D4 /* WodView.swift */ = {isa = PBXFileReference; fileEncoding = 4; lastKnownFileType = sourcecode.swift; path = WodView.swift; sourceTree = "<group>"; };
		1C4EE0A92CA18B630017F1D4 /* WorkOutDetailTitleView.swift */ = {isa = PBXFileReference; fileEncoding = 4; lastKnownFileType = sourcecode.swift; path = WorkOutDetailTitleView.swift; sourceTree = "<group>"; };
		1C622DB82CABCBB20034834E /* Extension+Int.swift */ = {isa = PBXFileReference; fileEncoding = 4; lastKnownFileType = sourcecode.swift; path = "Extension+Int.swift"; sourceTree = "<group>"; };
		1C6DCBAE2CBBFF3000ED56B2 /* CompletedDate+Entity.swift */ = {isa = PBXFileReference; lastKnownFileType = sourcecode.swift; path = "CompletedDate+Entity.swift"; sourceTree = "<group>"; };
		1C6DCBB02CBC028000ED56B2 /* RecentDayWorkOut+Entity.swift */ = {isa = PBXFileReference; lastKnownFileType = sourcecode.swift; path = "RecentDayWorkOut+Entity.swift"; sourceTree = "<group>"; };
		1C6DCBB22CBC02F700ED56B2 /* CompletedDateModel.swift */ = {isa = PBXFileReference; lastKnownFileType = sourcecode.swift; path = CompletedDateModel.swift; sourceTree = "<group>"; };
		1C6DCBB42CC0049800ED56B2 /* WorkoutConfirmationType.swift */ = {isa = PBXFileReference; lastKnownFileType = sourcecode.swift; path = WorkoutConfirmationType.swift; sourceTree = "<group>"; };
		1C6DCBB82CC1488800ED56B2 /* RecentWodCoreDataProvider.swift */ = {isa = PBXFileReference; lastKnownFileType = sourcecode.swift; path = RecentWodCoreDataProvider.swift; sourceTree = "<group>"; };
		1C6DCBCC2CC14F3800ED56B2 /* RecentActivitiesCoreEntity+CoreDataClass.swift */ = {isa = PBXFileReference; lastKnownFileType = sourcecode.swift; path = "RecentActivitiesCoreEntity+CoreDataClass.swift"; sourceTree = "<group>"; };
		1C6DCBCD2CC14F3800ED56B2 /* RecentActivitiesCoreEntity+CoreDataProperties.swift */ = {isa = PBXFileReference; lastKnownFileType = sourcecode.swift; path = "RecentActivitiesCoreEntity+CoreDataProperties.swift"; sourceTree = "<group>"; };
		1C6DCBD42CC1522000ED56B2 /* CoreDataError.swift */ = {isa = PBXFileReference; lastKnownFileType = sourcecode.swift; path = CoreDataError.swift; sourceTree = "<group>"; };
		1C6DCBD62CC158DE00ED56B2 /* RecentActivitesModel.swift */ = {isa = PBXFileReference; lastKnownFileType = sourcecode.swift; path = RecentActivitesModel.swift; sourceTree = "<group>"; };
		1C6DCBEE2CC5528500ED56B2 /* CompletedDayWorkoutCoreEntity+CoreDataClass.swift */ = {isa = PBXFileReference; lastKnownFileType = sourcecode.swift; path = "CompletedDayWorkoutCoreEntity+CoreDataClass.swift"; sourceTree = "<group>"; };
		1C6DCBEF2CC5528500ED56B2 /* CompletedDayWorkoutCoreEntity+CoreDataProperties.swift */ = {isa = PBXFileReference; lastKnownFileType = sourcecode.swift; path = "CompletedDayWorkoutCoreEntity+CoreDataProperties.swift"; sourceTree = "<group>"; };
		1C6DCBF22CC5533900ED56B2 /* CompletedWodCoreDataProvider.swift */ = {isa = PBXFileReference; lastKnownFileType = sourcecode.swift; path = CompletedWodCoreDataProvider.swift; sourceTree = "<group>"; };
		1C78C2D52C9BA0B60053E9AA /* CustomDivider.swift */ = {isa = PBXFileReference; fileEncoding = 4; lastKnownFileType = sourcecode.swift; path = CustomDivider.swift; sourceTree = "<group>"; };
		1C78C2D62C9BA0B60053E9AA /* RoundedCorner.swift */ = {isa = PBXFileReference; fileEncoding = 4; lastKnownFileType = sourcecode.swift; path = RoundedCorner.swift; sourceTree = "<group>"; };
		1C8708BD2CACDB8A00967DFE /* AppEnvironment.swift */ = {isa = PBXFileReference; lastKnownFileType = sourcecode.swift; path = AppEnvironment.swift; sourceTree = "<group>"; };
		1C8708C02CACDB9D00967DFE /* info.plist */ = {isa = PBXFileReference; lastKnownFileType = text.plist.xml; path = info.plist; sourceTree = "<group>"; };
		1C9C9F662CABA85900157001 /* Programs+Entity.swift */ = {isa = PBXFileReference; fileEncoding = 4; lastKnownFileType = sourcecode.swift; path = "Programs+Entity.swift"; sourceTree = "<group>"; };
		1C9C9F692CABA89600157001 /* WorkOutNavigationView.swift */ = {isa = PBXFileReference; fileEncoding = 4; lastKnownFileType = sourcecode.swift; path = WorkOutNavigationView.swift; sourceTree = "<group>"; };
		1C9C9F6C2CABB49B00157001 /* Programs+Dummy.swift */ = {isa = PBXFileReference; fileEncoding = 4; lastKnownFileType = sourcecode.swift; path = "Programs+Dummy.swift"; sourceTree = "<group>"; };
		1C9C9F6E2CABB67300157001 /* WorkOutTitleView.swift */ = {isa = PBXFileReference; fileEncoding = 4; lastKnownFileType = sourcecode.swift; path = WorkOutTitleView.swift; sourceTree = "<group>"; };
		1C9C9F6F2CABB67300157001 /* WorkOutNewChallengeView.swift */ = {isa = PBXFileReference; fileEncoding = 4; lastKnownFileType = sourcecode.swift; path = WorkOutNewChallengeView.swift; sourceTree = "<group>"; };
		1C9C9F722CABBA3A00157001 /* Extension+Array.swift */ = {isa = PBXFileReference; fileEncoding = 4; lastKnownFileType = sourcecode.swift; path = "Extension+Array.swift"; sourceTree = "<group>"; };
		1CBE5C102CC0854F00B6FD2D /* WodSetDefaultView.swift */ = {isa = PBXFileReference; lastKnownFileType = sourcecode.swift; path = WodSetDefaultView.swift; sourceTree = "<group>"; };
		1CC1FCCC2C91C532005FC6A2 /* Images.xcassets */ = {isa = PBXFileReference; lastKnownFileType = folder.assetcatalog; path = Images.xcassets; sourceTree = "<group>"; };
		1CFED2CC2C9B9C0D000A09E5 /* WorkoutType.swift */ = {isa = PBXFileReference; fileEncoding = 4; lastKnownFileType = sourcecode.swift; path = WorkoutType.swift; sourceTree = "<group>"; };
		1CFED2CD2C9B9C0D000A09E5 /* ProgramsModel.swift */ = {isa = PBXFileReference; fileEncoding = 4; lastKnownFileType = sourcecode.swift; path = ProgramsModel.swift; sourceTree = "<group>"; };
		1CFED2CE2C9B9C0D000A09E5 /* DayWorkoutTagType.swift */ = {isa = PBXFileReference; fileEncoding = 4; lastKnownFileType = sourcecode.swift; path = DayWorkoutTagType.swift; sourceTree = "<group>"; };
		1CFED2D02C9B9C0D000A09E5 /* ExerciseUnit.swift */ = {isa = PBXFileReference; fileEncoding = 4; lastKnownFileType = sourcecode.swift; path = ExerciseUnit.swift; sourceTree = "<group>"; };
		1CFED2DA2C9B9C9B000A09E5 /* WorkOutEmptyView.swift */ = {isa = PBXFileReference; fileEncoding = 4; lastKnownFileType = sourcecode.swift; path = WorkOutEmptyView.swift; sourceTree = "<group>"; };
		1CFED2DD2C9B9C9B000A09E5 /* WorkOutDetailFeature.swift */ = {isa = PBXFileReference; fileEncoding = 4; lastKnownFileType = sourcecode.swift; path = WorkOutDetailFeature.swift; sourceTree = "<group>"; };
		1CFED2DF2C9B9C9B000A09E5 /* WorkOutFeature.swift */ = {isa = PBXFileReference; fileEncoding = 4; lastKnownFileType = sourcecode.swift; path = WorkOutFeature.swift; sourceTree = "<group>"; };
		1CFED2E12C9B9C9B000A09E5 /* WorkOutDayFeature.swift */ = {isa = PBXFileReference; fileEncoding = 4; lastKnownFileType = sourcecode.swift; path = WorkOutDayFeature.swift; sourceTree = "<group>"; };
		49101A6F2C8D373D00FDB709 /* AppFeature.swift */ = {isa = PBXFileReference; lastKnownFileType = sourcecode.swift; path = AppFeature.swift; sourceTree = "<group>"; };
		49101A712C8D374400FDB709 /* HomeFeature.swift */ = {isa = PBXFileReference; lastKnownFileType = sourcecode.swift; path = HomeFeature.swift; sourceTree = "<group>"; };
		49101A742C8D37A500FDB709 /* MyActivityFeature.swift */ = {isa = PBXFileReference; lastKnownFileType = sourcecode.swift; path = MyActivityFeature.swift; sourceTree = "<group>"; };
		49101A792C8D3DE800FDB709 /* TodayWod.swift */ = {isa = PBXFileReference; lastKnownFileType = sourcecode.swift; path = TodayWod.swift; sourceTree = "<group>"; };
		49101A7B2C8F3D3100FDB709 /* SocialLoginFeature.swift */ = {isa = PBXFileReference; lastKnownFileType = sourcecode.swift; path = SocialLoginFeature.swift; sourceTree = "<group>"; };
		49101A7F2C9086B800FDB709 /* UserDefaultsManager.swift */ = {isa = PBXFileReference; lastKnownFileType = sourcecode.swift; path = UserDefaultsManager.swift; sourceTree = "<group>"; };
		49101A822C90878300FDB709 /* UserInfoModel.swift */ = {isa = PBXFileReference; lastKnownFileType = sourcecode.swift; path = UserInfoModel.swift; sourceTree = "<group>"; };
		49593C202C9570F3006105D1 /* Pretendard-Thin.otf */ = {isa = PBXFileReference; lastKnownFileType = file; path = "Pretendard-Thin.otf"; sourceTree = "<group>"; };
		49593C212C9570F3006105D1 /* Pretendard-Bold.otf */ = {isa = PBXFileReference; lastKnownFileType = file; path = "Pretendard-Bold.otf"; sourceTree = "<group>"; };
		49593C222C9570F4006105D1 /* Pretendard-Medium.otf */ = {isa = PBXFileReference; lastKnownFileType = file; path = "Pretendard-Medium.otf"; sourceTree = "<group>"; };
		49593C232C9570F4006105D1 /* Pretendard-Black.otf */ = {isa = PBXFileReference; lastKnownFileType = file; path = "Pretendard-Black.otf"; sourceTree = "<group>"; };
		49593C242C9570F4006105D1 /* Pretendard-Regular.otf */ = {isa = PBXFileReference; lastKnownFileType = file; path = "Pretendard-Regular.otf"; sourceTree = "<group>"; };
		49593C252C9570F4006105D1 /* Pretendard-SemiBold.otf */ = {isa = PBXFileReference; lastKnownFileType = file; path = "Pretendard-SemiBold.otf"; sourceTree = "<group>"; };
		49593C262C9570F4006105D1 /* Pretendard-Light.otf */ = {isa = PBXFileReference; lastKnownFileType = file; path = "Pretendard-Light.otf"; sourceTree = "<group>"; };
		49593C272C9570F4006105D1 /* Pretendard-ExtraBold.otf */ = {isa = PBXFileReference; lastKnownFileType = file; path = "Pretendard-ExtraBold.otf"; sourceTree = "<group>"; };
		49593C282C9570F4006105D1 /* Pretendard-ExtraLight.otf */ = {isa = PBXFileReference; lastKnownFileType = file; path = "Pretendard-ExtraLight.otf"; sourceTree = "<group>"; };
		49593C322C969126006105D1 /* CustomNavigationView.swift */ = {isa = PBXFileReference; lastKnownFileType = sourcecode.swift; path = CustomNavigationView.swift; sourceTree = "<group>"; };
		49593C352C969293006105D1 /* ButtonTextModifier.swift */ = {isa = PBXFileReference; lastKnownFileType = sourcecode.swift; path = ButtonTextModifier.swift; sourceTree = "<group>"; };
		49593C392C969BC2006105D1 /* HeightInputFeature.swift */ = {isa = PBXFileReference; lastKnownFileType = sourcecode.swift; path = HeightInputFeature.swift; sourceTree = "<group>"; };
		497C0EFE2C9E463900F7444E /* LevelType.swift */ = {isa = PBXFileReference; fileEncoding = 4; lastKnownFileType = sourcecode.swift; path = LevelType.swift; sourceTree = "<group>"; };
		497C0F002C9E463900F7444E /* GenderType.swift */ = {isa = PBXFileReference; fileEncoding = 4; lastKnownFileType = sourcecode.swift; path = GenderType.swift; sourceTree = "<group>"; };
		497C0F022C9E463900F7444E /* OnboardingUserInfoModel.swift */ = {isa = PBXFileReference; fileEncoding = 4; lastKnownFileType = sourcecode.swift; path = OnboardingUserInfoModel.swift; sourceTree = "<group>"; };
		497C0F082C9E466500F7444E /* TabMenuItem.swift */ = {isa = PBXFileReference; fileEncoding = 4; lastKnownFileType = sourcecode.swift; path = TabMenuItem.swift; sourceTree = "<group>"; };
		497C0F0D2C9E6D7100F7444E /* BreakTimeFeature.swift */ = {isa = PBXFileReference; lastKnownFileType = sourcecode.swift; path = BreakTimeFeature.swift; sourceTree = "<group>"; };
		497C0F0F2C9ECDBC00F7444E /* BottomSheetModifier.swift */ = {isa = PBXFileReference; lastKnownFileType = sourcecode.swift; path = BottomSheetModifier.swift; sourceTree = "<group>"; };
		497C0F132CA02A6400F7444E /* CalendarHeaderView.swift */ = {isa = PBXFileReference; lastKnownFileType = sourcecode.swift; path = CalendarHeaderView.swift; sourceTree = "<group>"; };
		497C0F1A2CA02CD800F7444E /* Extension+Date.swift */ = {isa = PBXFileReference; lastKnownFileType = sourcecode.swift; path = "Extension+Date.swift"; sourceTree = "<group>"; };
		497C0F1C2CA02E9000F7444E /* CalendarGridView.swift */ = {isa = PBXFileReference; lastKnownFileType = sourcecode.swift; path = CalendarGridView.swift; sourceTree = "<group>"; };
		497C0F1E2CA0309100F7444E /* CalendarCellView.swift */ = {isa = PBXFileReference; lastKnownFileType = sourcecode.swift; path = CalendarCellView.swift; sourceTree = "<group>"; };
		4987120A2CA2F48E00FB876E /* MyPageFeature.swift */ = {isa = PBXFileReference; lastKnownFileType = sourcecode.swift; path = MyPageFeature.swift; sourceTree = "<group>"; };
		4987120E2CA447C700FB876E /* CelebrateFeature.swift */ = {isa = PBXFileReference; lastKnownFileType = sourcecode.swift; path = CelebrateFeature.swift; sourceTree = "<group>"; };
		498712132CA7997800FB876E /* EntryType.swift */ = {isa = PBXFileReference; lastKnownFileType = sourcecode.swift; path = EntryType.swift; sourceTree = "<group>"; };
		4992E6812C97E068001A1375 /* WeightInputFeature.swift */ = {isa = PBXFileReference; lastKnownFileType = sourcecode.swift; path = WeightInputFeature.swift; sourceTree = "<group>"; };
		4992E6842C980A04001A1375 /* LevelSelectFeature.swift */ = {isa = PBXFileReference; lastKnownFileType = sourcecode.swift; path = LevelSelectFeature.swift; sourceTree = "<group>"; };
		4992E6872C983DF6001A1375 /* MethodSelectFeature.swift */ = {isa = PBXFileReference; lastKnownFileType = sourcecode.swift; path = MethodSelectFeature.swift; sourceTree = "<group>"; };
		4992E68A2C98601B001A1375 /* MethodDescriptionFeature.swift */ = {isa = PBXFileReference; lastKnownFileType = sourcecode.swift; path = MethodDescriptionFeature.swift; sourceTree = "<group>"; };
		4992E68C2C9865D5001A1375 /* ProgramMethodType.swift */ = {isa = PBXFileReference; lastKnownFileType = sourcecode.swift; path = ProgramMethodType.swift; sourceTree = "<group>"; };
		4992E68F2C9AA82A001A1375 /* CustomTabView.swift */ = {isa = PBXFileReference; lastKnownFileType = sourcecode.swift; path = CustomTabView.swift; sourceTree = "<group>"; };
		499B074F2C8BD6B700C46FDD /* TodayWod.app */ = {isa = PBXFileReference; explicitFileType = wrapper.application; includeInIndex = 0; path = TodayWod.app; sourceTree = BUILT_PRODUCTS_DIR; };
		499B07522C8BD6B700C46FDD /* TodayWodApp.swift */ = {isa = PBXFileReference; lastKnownFileType = sourcecode.swift; path = TodayWodApp.swift; sourceTree = "<group>"; };
		499B07562C8BD6B900C46FDD /* Assets.xcassets */ = {isa = PBXFileReference; lastKnownFileType = folder.assetcatalog; path = Assets.xcassets; sourceTree = "<group>"; };
		499B07592C8BD6B900C46FDD /* Preview Assets.xcassets */ = {isa = PBXFileReference; lastKnownFileType = folder.assetcatalog; path = "Preview Assets.xcassets"; sourceTree = "<group>"; };
		499B07652C8BEFBF00C46FDD /* Colors.xcassets */ = {isa = PBXFileReference; lastKnownFileType = folder.assetcatalog; path = Colors.xcassets; sourceTree = "<group>"; };
		499B07682C8BEFDB00C46FDD /* SplashFeature.swift */ = {isa = PBXFileReference; lastKnownFileType = sourcecode.swift; path = SplashFeature.swift; sourceTree = "<group>"; };
		49B8AF042C8C5D3900EA78CC /* Colors+Generated.swift */ = {isa = PBXFileReference; fileEncoding = 4; lastKnownFileType = sourcecode.swift; path = "Colors+Generated.swift"; sourceTree = "<group>"; };
		49B8AF052C8C5D3900EA78CC /* Images+Generated.swift */ = {isa = PBXFileReference; fileEncoding = 4; lastKnownFileType = sourcecode.swift; path = "Images+Generated.swift"; sourceTree = "<group>"; };
		AD1FE4342CB4A9560045CE57 /* LevelCardView.swift */ = {isa = PBXFileReference; lastKnownFileType = sourcecode.swift; path = LevelCardView.swift; sourceTree = "<group>"; };
		AD1FE4362CB4AE2A0045CE57 /* MethodMenuView.swift */ = {isa = PBXFileReference; lastKnownFileType = sourcecode.swift; path = MethodMenuView.swift; sourceTree = "<group>"; };
		AD386C2F2C9D3A470038C27F /* CalendarView.swift */ = {isa = PBXFileReference; lastKnownFileType = sourcecode.swift; path = CalendarView.swift; sourceTree = "<group>"; };
		AD386C312CA387750038C27F /* ProfileView.swift */ = {isa = PBXFileReference; lastKnownFileType = sourcecode.swift; path = ProfileView.swift; sourceTree = "<group>"; };
		AD386C332CA38FF20038C27F /* MyInfoView.swift */ = {isa = PBXFileReference; lastKnownFileType = sourcecode.swift; path = MyInfoView.swift; sourceTree = "<group>"; };
		AD386C352CA390290038C27F /* MyPageRowItemView.swift */ = {isa = PBXFileReference; lastKnownFileType = sourcecode.swift; path = MyPageRowItemView.swift; sourceTree = "<group>"; };
		AD386C3A2CA391740038C27F /* VersionInfoView.swift */ = {isa = PBXFileReference; lastKnownFileType = sourcecode.swift; path = VersionInfoView.swift; sourceTree = "<group>"; };
		AD386C422CA66F460038C27F /* ModifyProfileFeature.swift */ = {isa = PBXFileReference; lastKnownFileType = sourcecode.swift; path = ModifyProfileFeature.swift; sourceTree = "<group>"; };
		AD386C452CA69B040038C27F /* ModifyWeightFeature.swift */ = {isa = PBXFileReference; lastKnownFileType = sourcecode.swift; path = ModifyWeightFeature.swift; sourceTree = "<group>"; };
		AD386C492CAA90ED0038C27F /* Extension+String.swift */ = {isa = PBXFileReference; lastKnownFileType = sourcecode.swift; path = "Extension+String.swift"; sourceTree = "<group>"; };
		ADBACAA22C92D4BF00BED61C /* GenderSelectFeature.swift */ = {isa = PBXFileReference; lastKnownFileType = sourcecode.swift; path = GenderSelectFeature.swift; sourceTree = "<group>"; };
		ADC5B0572C92E04000E06C8E /* NicknameFeature.swift */ = {isa = PBXFileReference; lastKnownFileType = sourcecode.swift; path = NicknameFeature.swift; sourceTree = "<group>"; };
		ADC5B0632C93D4DC00E06C8E /* Fonts+Generated.swift */ = {isa = PBXFileReference; fileEncoding = 4; lastKnownFileType = sourcecode.swift; path = "Fonts+Generated.swift"; sourceTree = "<group>"; };
		ADCEE0FE2CBDDD0400D71FEB /* APIRequest.swift */ = {isa = PBXFileReference; lastKnownFileType = sourcecode.swift; path = APIRequest.swift; sourceTree = "<group>"; };
		ADCEE1022CBDE03D00D71FEB /* HTTPMethodType.swift */ = {isa = PBXFileReference; lastKnownFileType = sourcecode.swift; path = HTTPMethodType.swift; sourceTree = "<group>"; };
		ADCEE1042CBDE16700D71FEB /* HeaderField.swift */ = {isa = PBXFileReference; lastKnownFileType = sourcecode.swift; path = HeaderField.swift; sourceTree = "<group>"; };
		ADCEE1092CBDF53F00D71FEB /* BaseService.swift */ = {isa = PBXFileReference; lastKnownFileType = sourcecode.swift; path = BaseService.swift; sourceTree = "<group>"; };
		ADCEE10D2CBE202D00D71FEB /* ProgramRepository.swift */ = {isa = PBXFileReference; lastKnownFileType = sourcecode.swift; path = ProgramRepository.swift; sourceTree = "<group>"; };
		ADCEE1122CBE296600D71FEB /* ProgramRequestModel.swift */ = {isa = PBXFileReference; lastKnownFileType = sourcecode.swift; path = ProgramRequestModel.swift; sourceTree = "<group>"; };
		ADCEE1142CBE2A3800D71FEB /* RequestBodyPresentable.swift */ = {isa = PBXFileReference; lastKnownFileType = sourcecode.swift; path = RequestBodyPresentable.swift; sourceTree = "<group>"; };
		ADCEE1162CBE2A8E00D71FEB /* DictPresentable.swift */ = {isa = PBXFileReference; lastKnownFileType = sourcecode.swift; path = DictPresentable.swift; sourceTree = "<group>"; };
		ADCEE1182CBE2DD800D71FEB /* APIClient.swift */ = {isa = PBXFileReference; lastKnownFileType = sourcecode.swift; path = APIClient.swift; sourceTree = "<group>"; };
		ADCEE1612CBF8F5900D71FEB /* Logger.swift */ = {isa = PBXFileReference; lastKnownFileType = sourcecode.swift; path = Logger.swift; sourceTree = "<group>"; };
/* End PBXFileReference section */

/* Begin PBXFrameworksBuildPhase section */
		499B074C2C8BD6B700C46FDD /* Frameworks */ = {
			isa = PBXFrameworksBuildPhase;
			buildActionMask = 2147483647;
			files = (
				499B07622C8BEEFD00C46FDD /* ComposableArchitecture in Frameworks */,
				ADCEE1082CBDEC5000D71FEB /* Alamofire in Frameworks */,
			);
			runOnlyForDeploymentPostprocessing = 0;
		};
/* End PBXFrameworksBuildPhase section */

/* Begin PBXGroup section */
		1C0B53722CAFA2FF00256FE2 /* Completed */ = {
			isa = PBXGroup;
			children = (
				1C0B537B2CAFB96800256FE2 /* Row */,
				1C0B53772CAFA40900256FE2 /* WorkOutCompletedFeature.swift */,
			);
			path = Completed;
			sourceTree = "<group>";
		};
		1C0B537B2CAFB96800256FE2 /* Row */ = {
			isa = PBXGroup;
			children = (
				1C0B537C2CAFB97100256FE2 /* WorkOutCompletedTopView.swift */,
				1C0B537E2CAFBAC500256FE2 /* WorkOutCompletedProgramView.swift */,
			);
			path = Row;
			sourceTree = "<group>";
		};
		1C1D04F62CBE295900BDA52D /* CoreData */ = {
			isa = PBXGroup;
			children = (
				1C1D04EE2CBE295900BDA52D /* ProgramCoreEntity+CoreDataClass.swift */,
				1C1D04EF2CBE295900BDA52D /* ProgramCoreEntity+CoreDataProperties.swift */,
				1C1D04EC2CBE295900BDA52D /* DayWorkoutCoreEntity+CoreDataClass.swift */,
				1C1D04ED2CBE295900BDA52D /* DayWorkoutCoreEntity+CoreDataProperties.swift */,
				1C1D04F42CBE295900BDA52D /* WorkoutCoreEntity+CoreDataClass.swift */,
				1C1D04F52CBE295900BDA52D /* WorkoutCoreEntity+CoreDataProperties.swift */,
				1C1D04F02CBE295900BDA52D /* WodCoreEntity+CoreDataClass.swift */,
				1C1D04F12CBE295900BDA52D /* WodCoreEntity+CoreDataProperties.swift */,
				1C1D04F22CBE295900BDA52D /* WodSetCoreEntity+CoreDataClass.swift */,
				1C1D04F32CBE295900BDA52D /* WodSetCoreEntity+CoreDataProperties.swift */,
				1C6DCBCC2CC14F3800ED56B2 /* RecentActivitiesCoreEntity+CoreDataClass.swift */,
				1C6DCBCD2CC14F3800ED56B2 /* RecentActivitiesCoreEntity+CoreDataProperties.swift */,
				1C6DCBEE2CC5528500ED56B2 /* CompletedDayWorkoutCoreEntity+CoreDataClass.swift */,
				1C6DCBEF2CC5528500ED56B2 /* CompletedDayWorkoutCoreEntity+CoreDataProperties.swift */,
			);
			path = CoreData;
			sourceTree = "<group>";
		};
		1C1D050A2CBE2C1800BDA52D /* InternalStorage */ = {
			isa = PBXGroup;
			children = (
				1C6DCBD42CC1522000ED56B2 /* CoreDataError.swift */,
				1C1D05072CBE2C1800BDA52D /* WodClient.swift */,
				1C1D05082CBE2C1800BDA52D /* WodCoreData.swift */,
				1C1D05092CBE2C1800BDA52D /* WodCoreDataProvider.swift */,
				1C6DCBB82CC1488800ED56B2 /* RecentWodCoreDataProvider.swift */,
				1C6DCBF22CC5533900ED56B2 /* CompletedWodCoreDataProvider.swift */,
			);
			path = InternalStorage;
			sourceTree = "<group>";
		};
		1C4EE0AA2CA18B630017F1D4 /* Row */ = {
			isa = PBXGroup;
			children = (
				1C4EE0A92CA18B630017F1D4 /* WorkOutDetailTitleView.swift */,
				1C4EE0A82CA18B630017F1D4 /* WodView.swift */,
				1CBE5C102CC0854F00B6FD2D /* WodSetDefaultView.swift */,
				1C4EE0A72CA18B630017F1D4 /* WodSetView.swift */,
			);
			path = Row;
			sourceTree = "<group>";
		};
		1C622DBA2CAC23360034834E /* Confirm */ = {
			isa = PBXGroup;
			children = (
				1C6DCBB42CC0049800ED56B2 /* WorkoutConfirmationType.swift */,
				1C0B53752CAFA33A00256FE2 /* WorkoutConfirmationFeature.swift */,
			);
			path = Confirm;
			sourceTree = "<group>";
		};
		1C8708BE2CACDB8A00967DFE /* Common */ = {
			isa = PBXGroup;
			children = (
				1C8708BD2CACDB8A00967DFE /* AppEnvironment.swift */,
			);
			path = Common;
			sourceTree = "<group>";
		};
		1C9C9F672CABA85900157001 /* Entity */ = {
			isa = PBXGroup;
			children = (
				1C1D04F62CBE295900BDA52D /* CoreData */,
				1C9C9F662CABA85900157001 /* Programs+Entity.swift */,
				1C9C9F6C2CABB49B00157001 /* Programs+Dummy.swift */,
				1C6DCBAE2CBBFF3000ED56B2 /* CompletedDate+Entity.swift */,
				1C6DCBB02CBC028000ED56B2 /* RecentDayWorkOut+Entity.swift */,
				ADCEE1162CBE2A8E00D71FEB /* DictPresentable.swift */,
			);
			path = Entity;
			sourceTree = "<group>";
		};
		1C9C9F6A2CABA89600157001 /* Common */ = {
			isa = PBXGroup;
			children = (
				1C9C9F692CABA89600157001 /* WorkOutNavigationView.swift */,
			);
			path = Common;
			sourceTree = "<group>";
		};
		1CFED2D82C9B9C9B000A09E5 /* WorkOut */ = {
			isa = PBXGroup;
			children = (
				1C9C9F6A2CABA89600157001 /* Common */,
				1CFED2D92C9B9C9B000A09E5 /* Empty */,
				1CFED2DE2C9B9C9B000A09E5 /* Main */,
				1CFED2DC2C9B9C9B000A09E5 /* Detail */,
				1C622DBA2CAC23360034834E /* Confirm */,
				1C0B53722CAFA2FF00256FE2 /* Completed */,
			);
			path = WorkOut;
			sourceTree = "<group>";
		};
		1CFED2D92C9B9C9B000A09E5 /* Empty */ = {
			isa = PBXGroup;
			children = (
				1CFED2DA2C9B9C9B000A09E5 /* WorkOutEmptyView.swift */,
			);
			path = Empty;
			sourceTree = "<group>";
		};
		1CFED2DC2C9B9C9B000A09E5 /* Detail */ = {
			isa = PBXGroup;
			children = (
				1C4EE0AA2CA18B630017F1D4 /* Row */,
				1CFED2DD2C9B9C9B000A09E5 /* WorkOutDetailFeature.swift */,
				498712322CA7FA5000FB876E /* Timer */,
			);
			path = Detail;
			sourceTree = "<group>";
		};
		1CFED2DE2C9B9C9B000A09E5 /* Main */ = {
			isa = PBXGroup;
			children = (
				1CFED2E02C9B9C9B000A09E5 /* Row */,
				1CFED2DF2C9B9C9B000A09E5 /* WorkOutFeature.swift */,
				1C1D05052CBE2B7400BDA52D /* WorkOutListFeature.swift */,
			);
			path = Main;
			sourceTree = "<group>";
		};
		1CFED2E02C9B9C9B000A09E5 /* Row */ = {
			isa = PBXGroup;
			children = (
				1C9C9F6F2CABB67300157001 /* WorkOutNewChallengeView.swift */,
				1C9C9F6E2CABB67300157001 /* WorkOutTitleView.swift */,
				1CFED2E12C9B9C9B000A09E5 /* WorkOutDayFeature.swift */,
			);
			path = Row;
			sourceTree = "<group>";
		};
		49101A732C8D379C00FDB709 /* Home */ = {
			isa = PBXGroup;
			children = (
				1CFED2D82C9B9C9B000A09E5 /* WorkOut */,
				49101A712C8D374400FDB709 /* HomeFeature.swift */,
				498712342CABADF400FB876E /* Celebrate */,
			);
			path = Home;
			sourceTree = "<group>";
		};
		49101A762C8D384700FDB709 /* MyActivity */ = {
			isa = PBXGroup;
			children = (
				49101A742C8D37A500FDB709 /* MyActivityFeature.swift */,
				AD386C392CA390610038C27F /* MyPage */,
			);
			path = MyActivity;
			sourceTree = "<group>";
		};
		49101A7D2C8F3D3800FDB709 /* Onboarding */ = {
			isa = PBXGroup;
			children = (
				49101A7E2C90850F00FDB709 /* SocialLogin */,
				AD4187D02C940EAA0071AD99 /* Gender */,
				AD4187D12C940EBA0071AD99 /* Nickname */,
				49593C3B2C969CE9006105D1 /* Height */,
				4992E6832C97E076001A1375 /* Weight */,
				4992E6862C981701001A1375 /* Level */,
				4992E6892C98407E001A1375 /* Method */,
			);
			path = Onboarding;
			sourceTree = "<group>";
		};
		49101A7E2C90850F00FDB709 /* SocialLogin */ = {
			isa = PBXGroup;
			children = (
				49101A7B2C8F3D3100FDB709 /* SocialLoginFeature.swift */,
			);
			path = SocialLogin;
			sourceTree = "<group>";
		};
		49101A812C90871600FDB709 /* Manager */ = {
			isa = PBXGroup;
			children = (
				49101A7F2C9086B800FDB709 /* UserDefaultsManager.swift */,
			);
			path = Manager;
			sourceTree = "<group>";
		};
		49101A842C90878700FDB709 /* Model */ = {
			isa = PBXGroup;
			children = (
				4992E6972C9E44A1001A1375 /* Login */,
				4992E6952C9E448C001A1375 /* Onboading */,
				4992E6962C9E4497001A1375 /* Tab */,
				1CFED2D02C9B9C0D000A09E5 /* ExerciseUnit.swift */,
				1CFED2CC2C9B9C0D000A09E5 /* WorkoutType.swift */,
				1CFED2CE2C9B9C0D000A09E5 /* DayWorkoutTagType.swift */,
				1CFED2CD2C9B9C0D000A09E5 /* ProgramsModel.swift */,
				1C1D05102CBE2ED800BDA52D /* WorkoutModel.swift */,
				1C1D05012CBE2A1100BDA52D /* WodSetModel.swift */,
				1C6DCBB22CBC02F700ED56B2 /* CompletedDateModel.swift */,
				1C6DCBD62CC158DE00ED56B2 /* RecentActivitesModel.swift */,
				498712132CA7997800FB876E /* EntryType.swift */,
			);
			path = Model;
			sourceTree = "<group>";
		};
		49593C342C96912C006105D1 /* Common */ = {
			isa = PBXGroup;
			children = (
				49593C372C969370006105D1 /* CustomView */,
				49593C382C969378006105D1 /* Modifier */,
				497C0F0C2C9E5F8300F7444E /* Calendar */,
			);
			path = Common;
			sourceTree = "<group>";
		};
		49593C372C969370006105D1 /* CustomView */ = {
			isa = PBXGroup;
			children = (
				1C78C2D52C9BA0B60053E9AA /* CustomDivider.swift */,
				1C78C2D62C9BA0B60053E9AA /* RoundedCorner.swift */,
				49593C322C969126006105D1 /* CustomNavigationView.swift */,
				4992E68F2C9AA82A001A1375 /* CustomTabView.swift */,
				1C0B53702CAD34F300256FE2 /* BottomButton.swift */,
			);
			path = CustomView;
			sourceTree = "<group>";
		};
		49593C382C969378006105D1 /* Modifier */ = {
			isa = PBXGroup;
			children = (
				49593C352C969293006105D1 /* ButtonTextModifier.swift */,
				497C0F0F2C9ECDBC00F7444E /* BottomSheetModifier.swift */,
			);
			path = Modifier;
			sourceTree = "<group>";
		};
		49593C3B2C969CE9006105D1 /* Height */ = {
			isa = PBXGroup;
			children = (
				49593C392C969BC2006105D1 /* HeightInputFeature.swift */,
			);
			path = Height;
			sourceTree = "<group>";
		};
		497C0F0C2C9E5F8300F7444E /* Calendar */ = {
			isa = PBXGroup;
			children = (
				AD386C2F2C9D3A470038C27F /* CalendarView.swift */,
				497C0F132CA02A6400F7444E /* CalendarHeaderView.swift */,
				497C0F1C2CA02E9000F7444E /* CalendarGridView.swift */,
				497C0F1E2CA0309100F7444E /* CalendarCellView.swift */,
			);
			path = Calendar;
			sourceTree = "<group>";
		};
		497C0F202CA0369900F7444E /* Extensions */ = {
			isa = PBXGroup;
			children = (
				1C622DB82CABCBB20034834E /* Extension+Int.swift */,
				497C0F1A2CA02CD800F7444E /* Extension+Date.swift */,
				AD386C492CAA90ED0038C27F /* Extension+String.swift */,
				1C9C9F722CABBA3A00157001 /* Extension+Array.swift */,
			);
			path = Extensions;
			sourceTree = "<group>";
		};
		498712122CA793F000FB876E /* ModifyWeight */ = {
			isa = PBXGroup;
			children = (
				AD386C452CA69B040038C27F /* ModifyWeightFeature.swift */,
			);
			path = ModifyWeight;
			sourceTree = "<group>";
		};
		498712322CA7FA5000FB876E /* Timer */ = {
			isa = PBXGroup;
			children = (
				497C0F0D2C9E6D7100F7444E /* BreakTimeFeature.swift */,
			);
			path = Timer;
			sourceTree = "<group>";
		};
		498712342CABADF400FB876E /* Celebrate */ = {
			isa = PBXGroup;
			children = (
				4987120E2CA447C700FB876E /* CelebrateFeature.swift */,
			);
			path = Celebrate;
			sourceTree = "<group>";
		};
		4992E6832C97E076001A1375 /* Weight */ = {
			isa = PBXGroup;
			children = (
				4992E6812C97E068001A1375 /* WeightInputFeature.swift */,
			);
			path = Weight;
			sourceTree = "<group>";
		};
		4992E6862C981701001A1375 /* Level */ = {
			isa = PBXGroup;
			children = (
				4992E6842C980A04001A1375 /* LevelSelectFeature.swift */,
				AD1FE4342CB4A9560045CE57 /* LevelCardView.swift */,
			);
			path = Level;
			sourceTree = "<group>";
		};
		4992E6892C98407E001A1375 /* Method */ = {
			isa = PBXGroup;
			children = (
				4992E6872C983DF6001A1375 /* MethodSelectFeature.swift */,
				AD1FE4362CB4AE2A0045CE57 /* MethodMenuView.swift */,
				4992E68E2C986A41001A1375 /* Description */,
			);
			path = Method;
			sourceTree = "<group>";
		};
		4992E68E2C986A41001A1375 /* Description */ = {
			isa = PBXGroup;
			children = (
				4992E68A2C98601B001A1375 /* MethodDescriptionFeature.swift */,
			);
			path = Description;
			sourceTree = "<group>";
		};
		4992E6952C9E448C001A1375 /* Onboading */ = {
			isa = PBXGroup;
			children = (
				497C0F002C9E463900F7444E /* GenderType.swift */,
				497C0EFE2C9E463900F7444E /* LevelType.swift */,
				4992E68C2C9865D5001A1375 /* ProgramMethodType.swift */,
				497C0F022C9E463900F7444E /* OnboardingUserInfoModel.swift */,
			);
			path = Onboading;
			sourceTree = "<group>";
		};
		4992E6962C9E4497001A1375 /* Tab */ = {
			isa = PBXGroup;
			children = (
				497C0F082C9E466500F7444E /* TabMenuItem.swift */,
			);
			path = Tab;
			sourceTree = "<group>";
		};
		4992E6972C9E44A1001A1375 /* Login */ = {
			isa = PBXGroup;
			children = (
				49101A822C90878300FDB709 /* UserInfoModel.swift */,
			);
			path = Login;
			sourceTree = "<group>";
		};
		499B07462C8BD6B700C46FDD = {
			isa = PBXGroup;
			children = (
				499B07512C8BD6B700C46FDD /* TodayWod */,
				499B07502C8BD6B700C46FDD /* Products */,
			);
			sourceTree = "<group>";
		};
		499B07502C8BD6B700C46FDD /* Products */ = {
			isa = PBXGroup;
			children = (
				499B074F2C8BD6B700C46FDD /* TodayWod.app */,
			);
			name = Products;
			sourceTree = "<group>";
		};
		499B07512C8BD6B700C46FDD /* TodayWod */ = {
			isa = PBXGroup;
			children = (
				499B07522C8BD6B700C46FDD /* TodayWodApp.swift */,
				1C9C9F672CABA85900157001 /* Entity */,
				1C1D050A2CBE2C1800BDA52D /* InternalStorage */,
				49101A812C90871600FDB709 /* Manager */,
				497C0F202CA0369900F7444E /* Extensions */,
				1C8708BE2CACDB8A00967DFE /* Common */,
				49101A842C90878700FDB709 /* Model */,
				499B076A2C8BEFDF00C46FDD /* Features */,
				499B07672C8BEFC600C46FDD /* Resources */,
				499B07582C8BD6B900C46FDD /* Preview Content */,
				1C8708C02CACDB9D00967DFE /* info.plist */,
				ADCEE11A2CBE3D9D00D71FEB /* APIClient */,
				ADCEE1112CBE25E300D71FEB /* Repository */,
				ADCEE1002CBDDD1900D71FEB /* Network */,
				ADCEE1632CBF8F5F00D71FEB /* Tools */,
				1C1D05152CBE421200BDA52D /* TodayWodCoreData.xcdatamodeld */,
			);
			path = TodayWod;
			sourceTree = "<group>";
		};
		499B07582C8BD6B900C46FDD /* Preview Content */ = {
			isa = PBXGroup;
			children = (
				499B07592C8BD6B900C46FDD /* Preview Assets.xcassets */,
			);
			path = "Preview Content";
			sourceTree = "<group>";
		};
		499B07672C8BEFC600C46FDD /* Resources */ = {
			isa = PBXGroup;
			children = (
				49B8AEFF2C8C5B8000EA78CC /* SwiftGen */,
				ADC5B0592C93D02300E06C8E /* Fonts */,
				499B07562C8BD6B900C46FDD /* Assets.xcassets */,
				499B07652C8BEFBF00C46FDD /* Colors.xcassets */,
				1CC1FCCC2C91C532005FC6A2 /* Images.xcassets */,
			);
			path = Resources;
			sourceTree = "<group>";
		};
		499B076A2C8BEFDF00C46FDD /* Features */ = {
			isa = PBXGroup;
			children = (
				49593C342C96912C006105D1 /* Common */,
				ADBACAA12C92BBCF00BED61C /* Root */,
				ADBACA9F2C92BBB900BED61C /* Splash */,
				ADBACAA02C92BBC300BED61C /* Tab */,
				49101A7D2C8F3D3800FDB709 /* Onboarding */,
				49101A732C8D379C00FDB709 /* Home */,
				49101A762C8D384700FDB709 /* MyActivity */,
			);
			path = Features;
			sourceTree = "<group>";
		};
		49B8AEFF2C8C5B8000EA78CC /* SwiftGen */ = {
			isa = PBXGroup;
			children = (
				ADC5B0632C93D4DC00E06C8E /* Fonts+Generated.swift */,
				49B8AF042C8C5D3900EA78CC /* Colors+Generated.swift */,
				49B8AF052C8C5D3900EA78CC /* Images+Generated.swift */,
			);
			path = SwiftGen;
			sourceTree = "<group>";
		};
		AD386C372CA3904D0038C27F /* MyInfo */ = {
			isa = PBXGroup;
			children = (
				AD386C332CA38FF20038C27F /* MyInfoView.swift */,
				AD386C352CA390290038C27F /* MyPageRowItemView.swift */,
			);
			path = MyInfo;
			sourceTree = "<group>";
		};
		AD386C382CA390560038C27F /* Profile */ = {
			isa = PBXGroup;
			children = (
				AD386C312CA387750038C27F /* ProfileView.swift */,
			);
			path = Profile;
			sourceTree = "<group>";
		};
		AD386C392CA390610038C27F /* MyPage */ = {
			isa = PBXGroup;
			children = (
				4987120A2CA2F48E00FB876E /* MyPageFeature.swift */,
				AD386C382CA390560038C27F /* Profile */,
				AD386C372CA3904D0038C27F /* MyInfo */,
				AD386C3D2CA392890038C27F /* VersionInfo */,
				AD386C442CA69ADC0038C27F /* ModifyProfile */,
				498712122CA793F000FB876E /* ModifyWeight */,
			);
			path = MyPage;
			sourceTree = "<group>";
		};
		AD386C3D2CA392890038C27F /* VersionInfo */ = {
			isa = PBXGroup;
			children = (
				AD386C3A2CA391740038C27F /* VersionInfoView.swift */,
			);
			path = VersionInfo;
			sourceTree = "<group>";
		};
		AD386C442CA69ADC0038C27F /* ModifyProfile */ = {
			isa = PBXGroup;
			children = (
				AD386C422CA66F460038C27F /* ModifyProfileFeature.swift */,
			);
			path = ModifyProfile;
			sourceTree = "<group>";
		};
		AD4187D02C940EAA0071AD99 /* Gender */ = {
			isa = PBXGroup;
			children = (
				ADBACAA22C92D4BF00BED61C /* GenderSelectFeature.swift */,
			);
			path = Gender;
			sourceTree = "<group>";
		};
		AD4187D12C940EBA0071AD99 /* Nickname */ = {
			isa = PBXGroup;
			children = (
				ADC5B0572C92E04000E06C8E /* NicknameFeature.swift */,
			);
			path = Nickname;
			sourceTree = "<group>";
		};
		ADBACA9F2C92BBB900BED61C /* Splash */ = {
			isa = PBXGroup;
			children = (
				499B07682C8BEFDB00C46FDD /* SplashFeature.swift */,
			);
			path = Splash;
			sourceTree = "<group>";
		};
		ADBACAA02C92BBC300BED61C /* Tab */ = {
			isa = PBXGroup;
			children = (
				49101A6F2C8D373D00FDB709 /* AppFeature.swift */,
			);
			path = Tab;
			sourceTree = "<group>";
		};
		ADBACAA12C92BBCF00BED61C /* Root */ = {
			isa = PBXGroup;
			children = (
				49101A792C8D3DE800FDB709 /* TodayWod.swift */,
			);
			path = Root;
			sourceTree = "<group>";
		};
		ADC5B0592C93D02300E06C8E /* Fonts */ = {
			isa = PBXGroup;
			children = (
				49593C232C9570F4006105D1 /* Pretendard-Black.otf */,
				49593C212C9570F3006105D1 /* Pretendard-Bold.otf */,
				49593C272C9570F4006105D1 /* Pretendard-ExtraBold.otf */,
				49593C282C9570F4006105D1 /* Pretendard-ExtraLight.otf */,
				49593C262C9570F4006105D1 /* Pretendard-Light.otf */,
				49593C222C9570F4006105D1 /* Pretendard-Medium.otf */,
				49593C242C9570F4006105D1 /* Pretendard-Regular.otf */,
				49593C252C9570F4006105D1 /* Pretendard-SemiBold.otf */,
				49593C202C9570F3006105D1 /* Pretendard-Thin.otf */,
			);
			path = Fonts;
			sourceTree = "<group>";
		};
		ADCEE1002CBDDD1900D71FEB /* Network */ = {
			isa = PBXGroup;
			children = (
				ADCEE0FE2CBDDD0400D71FEB /* APIRequest.swift */,
				ADCEE1022CBDE03D00D71FEB /* HTTPMethodType.swift */,
				ADCEE1042CBDE16700D71FEB /* HeaderField.swift */,
				ADCEE1092CBDF53F00D71FEB /* BaseService.swift */,
				ADCEE1142CBE2A3800D71FEB /* RequestBodyPresentable.swift */,
			);
			path = Network;
			sourceTree = "<group>";
		};
		ADCEE1112CBE25E300D71FEB /* Repository */ = {
			isa = PBXGroup;
			children = (
				ADCEE10D2CBE202D00D71FEB /* ProgramRepository.swift */,
				ADCEE1122CBE296600D71FEB /* ProgramRequestModel.swift */,
			);
			path = Repository;
			sourceTree = "<group>";
		};
		ADCEE11A2CBE3D9D00D71FEB /* APIClient */ = {
			isa = PBXGroup;
			children = (
				ADCEE1182CBE2DD800D71FEB /* APIClient.swift */,
			);
			path = APIClient;
			sourceTree = "<group>";
		};
		ADCEE1632CBF8F5F00D71FEB /* Tools */ = {
			isa = PBXGroup;
			children = (
				ADCEE1612CBF8F5900D71FEB /* Logger.swift */,
			);
			path = Tools;
			sourceTree = "<group>";
		};
/* End PBXGroup section */

/* Begin PBXNativeTarget section */
		499B074E2C8BD6B700C46FDD /* TodayWod */ = {
			isa = PBXNativeTarget;
			buildConfigurationList = 499B075D2C8BD6B900C46FDD /* Build configuration list for PBXNativeTarget "TodayWod" */;
			buildPhases = (
				499B074B2C8BD6B700C46FDD /* Sources */,
				499B074C2C8BD6B700C46FDD /* Frameworks */,
				499B074D2C8BD6B700C46FDD /* Resources */,
				49B8AEFE2C8C577800EA78CC /* SwiftGen */,
			);
			buildRules = (
			);
			dependencies = (
			);
			name = TodayWod;
			packageProductDependencies = (
				499B07612C8BEEFD00C46FDD /* ComposableArchitecture */,
				ADCEE1072CBDEC5000D71FEB /* Alamofire */,
			);
			productName = TodayWod;
			productReference = 499B074F2C8BD6B700C46FDD /* TodayWod.app */;
			productType = "com.apple.product-type.application";
		};
/* End PBXNativeTarget section */

/* Begin PBXProject section */
		499B07472C8BD6B700C46FDD /* Project object */ = {
			isa = PBXProject;
			attributes = {
				BuildIndependentTargetsInParallel = 1;
				LastSwiftUpdateCheck = 1540;
				LastUpgradeCheck = 1540;
				TargetAttributes = {
					499B074E2C8BD6B700C46FDD = {
						CreatedOnToolsVersion = 15.4;
					};
				};
			};
			buildConfigurationList = 499B074A2C8BD6B700C46FDD /* Build configuration list for PBXProject "TodayWod" */;
			compatibilityVersion = "Xcode 14.0";
			developmentRegion = en;
			hasScannedForEncodings = 0;
			knownRegions = (
				en,
				Base,
			);
			mainGroup = 499B07462C8BD6B700C46FDD;
			packageReferences = (
				499B07602C8BEEFD00C46FDD /* XCRemoteSwiftPackageReference "swift-composable-architecture" */,
				ADCEE1062CBDEC5000D71FEB /* XCRemoteSwiftPackageReference "Alamofire" */,
			);
			productRefGroup = 499B07502C8BD6B700C46FDD /* Products */;
			projectDirPath = "";
			projectRoot = "";
			targets = (
				499B074E2C8BD6B700C46FDD /* TodayWod */,
			);
		};
/* End PBXProject section */

/* Begin PBXResourcesBuildPhase section */
		499B074D2C8BD6B700C46FDD /* Resources */ = {
			isa = PBXResourcesBuildPhase;
			buildActionMask = 2147483647;
			files = (
				49593C2B2C9570F4006105D1 /* Pretendard-Medium.otf in Resources */,
				499B07662C8BEFBF00C46FDD /* Colors.xcassets in Resources */,
				49593C302C9570F4006105D1 /* Pretendard-ExtraBold.otf in Resources */,
				49593C2A2C9570F4006105D1 /* Pretendard-Bold.otf in Resources */,
				49593C292C9570F4006105D1 /* Pretendard-Thin.otf in Resources */,
				49593C2D2C9570F4006105D1 /* Pretendard-Regular.otf in Resources */,
				49593C2F2C9570F4006105D1 /* Pretendard-Light.otf in Resources */,
				49593C312C9570F4006105D1 /* Pretendard-ExtraLight.otf in Resources */,
				1CC1FCCD2C91C532005FC6A2 /* Images.xcassets in Resources */,
				499B075A2C8BD6B900C46FDD /* Preview Assets.xcassets in Resources */,
				49593C2E2C9570F4006105D1 /* Pretendard-SemiBold.otf in Resources */,
				49593C2C2C9570F4006105D1 /* Pretendard-Black.otf in Resources */,
				499B07572C8BD6B900C46FDD /* Assets.xcassets in Resources */,
			);
			runOnlyForDeploymentPostprocessing = 0;
		};
/* End PBXResourcesBuildPhase section */

/* Begin PBXShellScriptBuildPhase section */
		49B8AEFE2C8C577800EA78CC /* SwiftGen */ = {
			isa = PBXShellScriptBuildPhase;
			buildActionMask = 2147483647;
			files = (
			);
			inputFileListPaths = (
			);
			inputPaths = (
			);
			name = SwiftGen;
			outputFileListPaths = (
			);
			outputPaths = (
			);
			runOnlyForDeploymentPostprocessing = 0;
			shellPath = /bin/sh;
			shellScript = "# Type a script or drag a script file from your workspace to insert its path.\n/opt/homebrew/bin/swiftgen config run --config $SRCROOT/swiftgen.yml\n";
		};
/* End PBXShellScriptBuildPhase section */

/* Begin PBXSourcesBuildPhase section */
		499B074B2C8BD6B700C46FDD /* Sources */ = {
			isa = PBXSourcesBuildPhase;
			buildActionMask = 2147483647;
			files = (
				1C1D05172CBE421200BDA52D /* TodayWodCoreData.xcdatamodeld in Sources */,
				1CFED2E52C9B9C9B000A09E5 /* WorkOutDetailFeature.swift in Sources */,
				49101A702C8D373D00FDB709 /* AppFeature.swift in Sources */,
				ADCEE1032CBDE03D00D71FEB /* HTTPMethodType.swift in Sources */,
				ADBACAA32C92D4BF00BED61C /* GenderSelectFeature.swift in Sources */,
				498712142CA7997800FB876E /* EntryType.swift in Sources */,
				1C78C2D72C9BA0B60053E9AA /* CustomDivider.swift in Sources */,
				1C0B537D2CAFB97900256FE2 /* WorkOutCompletedTopView.swift in Sources */,
				1C4EE0AD2CA18B630017F1D4 /* WorkOutDetailTitleView.swift in Sources */,
				49593C3A2C969BC2006105D1 /* HeightInputFeature.swift in Sources */,
				1C622DB92CABCBB20034834E /* Extension+Int.swift in Sources */,
				1C1D05112CBE2ED800BDA52D /* WorkoutModel.swift in Sources */,
				1C6DCBB92CC1488800ED56B2 /* RecentWodCoreDataProvider.swift in Sources */,
				497C0F1F2CA0309100F7444E /* CalendarCellView.swift in Sources */,
				ADC5B0582C92E04000E06C8E /* NicknameFeature.swift in Sources */,
				1CFED2D52C9B9C0D000A09E5 /* ExerciseUnit.swift in Sources */,
				1C9C9F732CABBA3A00157001 /* Extension+Array.swift in Sources */,
				ADCEE1152CBE2A3800D71FEB /* RequestBodyPresentable.swift in Sources */,
				4992E6852C980A04001A1375 /* LevelSelectFeature.swift in Sources */,
				ADCEE1052CBDE16700D71FEB /* HeaderField.swift in Sources */,
				1C6DCBD52CC1522300ED56B2 /* CoreDataError.swift in Sources */,
				497C0F1B2CA02CD800F7444E /* Extension+Date.swift in Sources */,
				1CFED2D12C9B9C0D000A09E5 /* WorkoutType.swift in Sources */,
				49593C362C969294006105D1 /* ButtonTextModifier.swift in Sources */,
				1C6DCBB12CBC028E00ED56B2 /* RecentDayWorkOut+Entity.swift in Sources */,
				1C0B53762CAFA33A00256FE2 /* WorkoutConfirmationFeature.swift in Sources */,
				AD386C342CA38FF20038C27F /* MyInfoView.swift in Sources */,
				1CFED2E62C9B9C9B000A09E5 /* WorkOutFeature.swift in Sources */,
				AD386C462CA69B040038C27F /* ModifyWeightFeature.swift in Sources */,
				497C0F072C9E463900F7444E /* OnboardingUserInfoModel.swift in Sources */,
				ADCEE1192CBE2DD800D71FEB /* APIClient.swift in Sources */,
				499B07692C8BEFDB00C46FDD /* SplashFeature.swift in Sources */,
				497C0F0E2C9E6D7100F7444E /* BreakTimeFeature.swift in Sources */,
				ADCEE10A2CBDF53F00D71FEB /* BaseService.swift in Sources */,
				1CBE5C112CC0855600B6FD2D /* WodSetDefaultView.swift in Sources */,
				497C0F1D2CA02E9000F7444E /* CalendarGridView.swift in Sources */,
				1C4EE0AC2CA18B630017F1D4 /* WodView.swift in Sources */,
				1C1D050B2CBE2C1800BDA52D /* WodClient.swift in Sources */,
				1C1D050C2CBE2C1800BDA52D /* WodCoreDataProvider.swift in Sources */,
				1C1D050D2CBE2C1800BDA52D /* WodCoreData.swift in Sources */,
				49101A722C8D374400FDB709 /* HomeFeature.swift in Sources */,
				1C0B53712CAD34F300256FE2 /* BottomButton.swift in Sources */,
				1C8708BF2CACDB8A00967DFE /* AppEnvironment.swift in Sources */,
				4992E68D2C9865D5001A1375 /* ProgramMethodType.swift in Sources */,
				4992E68B2C98601B001A1375 /* MethodDescriptionFeature.swift in Sources */,
				497C0F102C9ECDBC00F7444E /* BottomSheetModifier.swift in Sources */,
				1C9C9F6D2CABB49B00157001 /* Programs+Dummy.swift in Sources */,
				49B8AF062C8C5D3900EA78CC /* Colors+Generated.swift in Sources */,
				4992E6882C983DF6001A1375 /* MethodSelectFeature.swift in Sources */,
				49101A802C9086B800FDB709 /* UserDefaultsManager.swift in Sources */,
				497C0F052C9E463900F7444E /* GenderType.swift in Sources */,
				1C1D04F72CBE295900BDA52D /* DayWorkoutCoreEntity+CoreDataProperties.swift in Sources */,
				1C1D04F82CBE295900BDA52D /* ProgramCoreEntity+CoreDataProperties.swift in Sources */,
				1C6DCBB52CC0049B00ED56B2 /* WorkoutConfirmationType.swift in Sources */,
				1C1D04F92CBE295900BDA52D /* ProgramCoreEntity+CoreDataClass.swift in Sources */,
				1C1D04FA2CBE295900BDA52D /* WodSetCoreEntity+CoreDataProperties.swift in Sources */,
				1C1D04FB2CBE295900BDA52D /* WodSetCoreEntity+CoreDataClass.swift in Sources */,
				1C1D04FC2CBE295900BDA52D /* DayWorkoutCoreEntity+CoreDataClass.swift in Sources */,
				1C1D04FD2CBE295900BDA52D /* WodCoreEntity+CoreDataClass.swift in Sources */,
				1C1D04FE2CBE295900BDA52D /* WodCoreEntity+CoreDataProperties.swift in Sources */,
				1C1D04FF2CBE295900BDA52D /* WorkoutCoreEntity+CoreDataProperties.swift in Sources */,
				1C1D05002CBE295900BDA52D /* WorkoutCoreEntity+CoreDataClass.swift in Sources */,
				1CFED2D22C9B9C0D000A09E5 /* ProgramsModel.swift in Sources */,
				ADCEE1132CBE296600D71FEB /* ProgramRequestModel.swift in Sources */,
				1C9C9F712CABB67300157001 /* WorkOutNewChallengeView.swift in Sources */,
				1C0B537F2CAFBAD000256FE2 /* WorkOutCompletedProgramView.swift in Sources */,
				AD386C4A2CAA90ED0038C27F /* Extension+String.swift in Sources */,
				49101A832C90878300FDB709 /* UserInfoModel.swift in Sources */,
				1CFED2E72C9B9C9B000A09E5 /* WorkOutDayFeature.swift in Sources */,
				49101A752C8D37A500FDB709 /* MyActivityFeature.swift in Sources */,
				1C1D05062CBE2B7400BDA52D /* WorkOutListFeature.swift in Sources */,
				49101A7A2C8D3DE800FDB709 /* TodayWod.swift in Sources */,
				49B8AF072C8C5D3900EA78CC /* Images+Generated.swift in Sources */,
				ADCEE10E2CBE202D00D71FEB /* ProgramRepository.swift in Sources */,
				1CFED2D32C9B9C0D000A09E5 /* DayWorkoutTagType.swift in Sources */,
				1CFED2D32C9B9C0D000A09E5 /* DayWorkoutTagType.swift in Sources */,
				1C9C9F682CABA85900157001 /* Programs+Entity.swift in Sources */,
				1CFED2E32C9B9C9B000A09E5 /* WorkOutEmptyView.swift in Sources */,
				ADC5B0642C93D4DC00E06C8E /* Fonts+Generated.swift in Sources */,
				499B07532C8BD6B700C46FDD /* TodayWodApp.swift in Sources */,
				AD386C302C9D3A470038C27F /* CalendarView.swift in Sources */,
				1C0B53782CAFA40C00256FE2 /* WorkOutCompletedFeature.swift in Sources */,
				1C6DCBB32CBC02FF00ED56B2 /* CompletedDateModel.swift in Sources */,
				1C6DCBAF2CBBFF4700ED56B2 /* CompletedDate+Entity.swift in Sources */,
				497C0F142CA02A6400F7444E /* CalendarHeaderView.swift in Sources */,
				1C6DCBCE2CC14F3800ED56B2 /* RecentActivitiesCoreEntity+CoreDataClass.swift in Sources */,
				1C6DCBCF2CC14F3800ED56B2 /* RecentActivitiesCoreEntity+CoreDataProperties.swift in Sources */,
				ADCEE0FF2CBDDD0400D71FEB /* APIRequest.swift in Sources */,
				1C6DCBF32CC5534400ED56B2 /* CompletedWodCoreDataProvider.swift in Sources */,
				AD1FE4352CB4A9560045CE57 /* LevelCardView.swift in Sources */,
				AD386C362CA390290038C27F /* MyPageRowItemView.swift in Sources */,
				4992E6822C97E068001A1375 /* WeightInputFeature.swift in Sources */,
				4992E6902C9AA82A001A1375 /* CustomTabView.swift in Sources */,
				ADCEE1622CBF8F5900D71FEB /* Logger.swift in Sources */,
				1C9C9F702CABB67300157001 /* WorkOutTitleView.swift in Sources */,
				AD386C432CA66F460038C27F /* ModifyProfileFeature.swift in Sources */,
				1C6DCBF02CC5528500ED56B2 /* CompletedDayWorkoutCoreEntity+CoreDataClass.swift in Sources */,
				1C6DCBF12CC5528500ED56B2 /* CompletedDayWorkoutCoreEntity+CoreDataProperties.swift in Sources */,
				497C0F032C9E463900F7444E /* LevelType.swift in Sources */,
				AD386C322CA387750038C27F /* ProfileView.swift in Sources */,
				1C4EE0AB2CA18B630017F1D4 /* WodSetView.swift in Sources */,
				1C6DCBD72CC158E600ED56B2 /* RecentActivitesModel.swift in Sources */,
				49101A7C2C8F3D3100FDB709 /* SocialLoginFeature.swift in Sources */,
				ADCEE1172CBE2A8E00D71FEB /* DictPresentable.swift in Sources */,
				4987120B2CA2F48E00FB876E /* MyPageFeature.swift in Sources */,
				AD1FE4372CB4AE2A0045CE57 /* MethodMenuView.swift in Sources */,
				1C1D05022CBE2A1100BDA52D /* WodSetModel.swift in Sources */,
				1C78C2D82C9BA0B60053E9AA /* RoundedCorner.swift in Sources */,
				AD386C3B2CA391740038C27F /* VersionInfoView.swift in Sources */,
				1C9C9F6B2CABA89600157001 /* WorkOutNavigationView.swift in Sources */,
				4987120F2CA447C700FB876E /* CelebrateFeature.swift in Sources */,
				49593C332C969126006105D1 /* CustomNavigationView.swift in Sources */,
				497C0F092C9E466500F7444E /* TabMenuItem.swift in Sources */,
			);
			runOnlyForDeploymentPostprocessing = 0;
		};
/* End PBXSourcesBuildPhase section */

/* Begin XCBuildConfiguration section */
		499B075B2C8BD6B900C46FDD /* Debug */ = {
			isa = XCBuildConfiguration;
			buildSettings = {
				ALWAYS_SEARCH_USER_PATHS = NO;
				ASSETCATALOG_COMPILER_GENERATE_SWIFT_ASSET_SYMBOL_EXTENSIONS = YES;
				CLANG_ANALYZER_NONNULL = YES;
				CLANG_ANALYZER_NUMBER_OBJECT_CONVERSION = YES_AGGRESSIVE;
				CLANG_CXX_LANGUAGE_STANDARD = "gnu++20";
				CLANG_ENABLE_MODULES = YES;
				CLANG_ENABLE_OBJC_ARC = YES;
				CLANG_ENABLE_OBJC_WEAK = YES;
				CLANG_WARN_BLOCK_CAPTURE_AUTORELEASING = YES;
				CLANG_WARN_BOOL_CONVERSION = YES;
				CLANG_WARN_COMMA = YES;
				CLANG_WARN_CONSTANT_CONVERSION = YES;
				CLANG_WARN_DEPRECATED_OBJC_IMPLEMENTATIONS = YES;
				CLANG_WARN_DIRECT_OBJC_ISA_USAGE = YES_ERROR;
				CLANG_WARN_DOCUMENTATION_COMMENTS = YES;
				CLANG_WARN_EMPTY_BODY = YES;
				CLANG_WARN_ENUM_CONVERSION = YES;
				CLANG_WARN_INFINITE_RECURSION = YES;
				CLANG_WARN_INT_CONVERSION = YES;
				CLANG_WARN_NON_LITERAL_NULL_CONVERSION = YES;
				CLANG_WARN_OBJC_IMPLICIT_RETAIN_SELF = YES;
				CLANG_WARN_OBJC_LITERAL_CONVERSION = YES;
				CLANG_WARN_OBJC_ROOT_CLASS = YES_ERROR;
				CLANG_WARN_QUOTED_INCLUDE_IN_FRAMEWORK_HEADER = YES;
				CLANG_WARN_RANGE_LOOP_ANALYSIS = YES;
				CLANG_WARN_STRICT_PROTOTYPES = YES;
				CLANG_WARN_SUSPICIOUS_MOVE = YES;
				CLANG_WARN_UNGUARDED_AVAILABILITY = YES_AGGRESSIVE;
				CLANG_WARN_UNREACHABLE_CODE = YES;
				CLANG_WARN__DUPLICATE_METHOD_MATCH = YES;
				COPY_PHASE_STRIP = NO;
				DEBUG_INFORMATION_FORMAT = dwarf;
				ENABLE_STRICT_OBJC_MSGSEND = YES;
				ENABLE_TESTABILITY = YES;
				ENABLE_USER_SCRIPT_SANDBOXING = NO;
				GCC_C_LANGUAGE_STANDARD = gnu17;
				GCC_DYNAMIC_NO_PIC = NO;
				GCC_NO_COMMON_BLOCKS = YES;
				GCC_OPTIMIZATION_LEVEL = 0;
				GCC_PREPROCESSOR_DEFINITIONS = (
					"DEBUG=1",
					"$(inherited)",
				);
				GCC_WARN_64_TO_32_BIT_CONVERSION = YES;
				GCC_WARN_ABOUT_RETURN_TYPE = YES_ERROR;
				GCC_WARN_UNDECLARED_SELECTOR = YES;
				GCC_WARN_UNINITIALIZED_AUTOS = YES_AGGRESSIVE;
				GCC_WARN_UNUSED_FUNCTION = YES;
				GCC_WARN_UNUSED_VARIABLE = YES;
				IPHONEOS_DEPLOYMENT_TARGET = 16.0;
				LOCALIZATION_PREFERS_STRING_CATALOGS = YES;
				MTL_ENABLE_DEBUG_INFO = INCLUDE_SOURCE;
				MTL_FAST_MATH = YES;
				ONLY_ACTIVE_ARCH = YES;
				SDKROOT = iphoneos;
				SWIFT_ACTIVE_COMPILATION_CONDITIONS = "DEBUG $(inherited)";
				SWIFT_OPTIMIZATION_LEVEL = "-Onone";
			};
			name = Debug;
		};
		499B075C2C8BD6B900C46FDD /* Release */ = {
			isa = XCBuildConfiguration;
			buildSettings = {
				ALWAYS_SEARCH_USER_PATHS = NO;
				ASSETCATALOG_COMPILER_GENERATE_SWIFT_ASSET_SYMBOL_EXTENSIONS = YES;
				CLANG_ANALYZER_NONNULL = YES;
				CLANG_ANALYZER_NUMBER_OBJECT_CONVERSION = YES_AGGRESSIVE;
				CLANG_CXX_LANGUAGE_STANDARD = "gnu++20";
				CLANG_ENABLE_MODULES = YES;
				CLANG_ENABLE_OBJC_ARC = YES;
				CLANG_ENABLE_OBJC_WEAK = YES;
				CLANG_WARN_BLOCK_CAPTURE_AUTORELEASING = YES;
				CLANG_WARN_BOOL_CONVERSION = YES;
				CLANG_WARN_COMMA = YES;
				CLANG_WARN_CONSTANT_CONVERSION = YES;
				CLANG_WARN_DEPRECATED_OBJC_IMPLEMENTATIONS = YES;
				CLANG_WARN_DIRECT_OBJC_ISA_USAGE = YES_ERROR;
				CLANG_WARN_DOCUMENTATION_COMMENTS = YES;
				CLANG_WARN_EMPTY_BODY = YES;
				CLANG_WARN_ENUM_CONVERSION = YES;
				CLANG_WARN_INFINITE_RECURSION = YES;
				CLANG_WARN_INT_CONVERSION = YES;
				CLANG_WARN_NON_LITERAL_NULL_CONVERSION = YES;
				CLANG_WARN_OBJC_IMPLICIT_RETAIN_SELF = YES;
				CLANG_WARN_OBJC_LITERAL_CONVERSION = YES;
				CLANG_WARN_OBJC_ROOT_CLASS = YES_ERROR;
				CLANG_WARN_QUOTED_INCLUDE_IN_FRAMEWORK_HEADER = YES;
				CLANG_WARN_RANGE_LOOP_ANALYSIS = YES;
				CLANG_WARN_STRICT_PROTOTYPES = YES;
				CLANG_WARN_SUSPICIOUS_MOVE = YES;
				CLANG_WARN_UNGUARDED_AVAILABILITY = YES_AGGRESSIVE;
				CLANG_WARN_UNREACHABLE_CODE = YES;
				CLANG_WARN__DUPLICATE_METHOD_MATCH = YES;
				COPY_PHASE_STRIP = NO;
				DEBUG_INFORMATION_FORMAT = "dwarf-with-dsym";
				ENABLE_NS_ASSERTIONS = NO;
				ENABLE_STRICT_OBJC_MSGSEND = YES;
				ENABLE_USER_SCRIPT_SANDBOXING = NO;
				GCC_C_LANGUAGE_STANDARD = gnu17;
				GCC_NO_COMMON_BLOCKS = YES;
				GCC_WARN_64_TO_32_BIT_CONVERSION = YES;
				GCC_WARN_ABOUT_RETURN_TYPE = YES_ERROR;
				GCC_WARN_UNDECLARED_SELECTOR = YES;
				GCC_WARN_UNINITIALIZED_AUTOS = YES_AGGRESSIVE;
				GCC_WARN_UNUSED_FUNCTION = YES;
				GCC_WARN_UNUSED_VARIABLE = YES;
				IPHONEOS_DEPLOYMENT_TARGET = 16.0;
				LOCALIZATION_PREFERS_STRING_CATALOGS = YES;
				MTL_ENABLE_DEBUG_INFO = NO;
				MTL_FAST_MATH = YES;
				SDKROOT = iphoneos;
				SWIFT_COMPILATION_MODE = wholemodule;
				VALIDATE_PRODUCT = YES;
			};
			name = Release;
		};
		499B075E2C8BD6B900C46FDD /* Debug */ = {
			isa = XCBuildConfiguration;
			buildSettings = {
				ASSETCATALOG_COMPILER_APPICON_NAME = AppIcon;
				ASSETCATALOG_COMPILER_GLOBAL_ACCENT_COLOR_NAME = AccentColor;
				CODE_SIGN_IDENTITY = "Apple Development";
				"CODE_SIGN_IDENTITY[sdk=iphoneos*]" = "iPhone Developer";
				CODE_SIGN_STYLE = Manual;
				CURRENT_PROJECT_VERSION = 1;
				DEVELOPMENT_ASSET_PATHS = "\"TodayWod/Preview Content\"";
				DEVELOPMENT_TEAM = "";
				"DEVELOPMENT_TEAM[sdk=iphoneos*]" = VLXYWWGUU9;
				ENABLE_PREVIEWS = YES;
				GENERATE_INFOPLIST_FILE = YES;
				INFOPLIST_FILE = TodayWod/info.plist;
				INFOPLIST_KEY_CFBundleDisplayName = TodayWod;
				INFOPLIST_KEY_UIApplicationSceneManifest_Generation = YES;
				INFOPLIST_KEY_UIApplicationSupportsIndirectInputEvents = YES;
				INFOPLIST_KEY_UILaunchScreen_Generation = YES;
				INFOPLIST_KEY_UISupportedInterfaceOrientations_iPad = "UIInterfaceOrientationPortrait UIInterfaceOrientationPortraitUpsideDown UIInterfaceOrientationLandscapeLeft UIInterfaceOrientationLandscapeRight";
				INFOPLIST_KEY_UISupportedInterfaceOrientations_iPhone = "UIInterfaceOrientationPortrait UIInterfaceOrientationLandscapeLeft UIInterfaceOrientationLandscapeRight";
				INFOPLIST_KEY_UIUserInterfaceStyle = Light;
				IPHONEOS_DEPLOYMENT_TARGET = 16.0;
				LD_RUNPATH_SEARCH_PATHS = (
					"$(inherited)",
					"@executable_path/Frameworks",
				);
				MARKETING_VERSION = 0.0.1;
				PRODUCT_BUNDLE_IDENTIFIER = com.tow.TodayWod.dev;
				PRODUCT_NAME = "$(TARGET_NAME)";
				PROVISIONING_PROFILE_SPECIFIER = "";
				"PROVISIONING_PROFILE_SPECIFIER[sdk=iphoneos*]" = "TodayWod Dev PP";
				SWIFT_EMIT_LOC_STRINGS = YES;
				SWIFT_VERSION = 5.0;
				TARGETED_DEVICE_FAMILY = "1,2";
				VERSIONING_SYSTEM = "apple-generic";
			};
			name = Debug;
		};
		499B075F2C8BD6B900C46FDD /* Release */ = {
			isa = XCBuildConfiguration;
			buildSettings = {
				ASSETCATALOG_COMPILER_APPICON_NAME = AppIcon;
				ASSETCATALOG_COMPILER_GLOBAL_ACCENT_COLOR_NAME = AccentColor;
				CODE_SIGN_IDENTITY = "Apple Development";
				"CODE_SIGN_IDENTITY[sdk=iphoneos*]" = "iPhone Distribution";
				CODE_SIGN_STYLE = Manual;
				CURRENT_PROJECT_VERSION = 1;
				DEVELOPMENT_ASSET_PATHS = "\"TodayWod/Preview Content\"";
				DEVELOPMENT_TEAM = "";
				"DEVELOPMENT_TEAM[sdk=iphoneos*]" = VLXYWWGUU9;
				ENABLE_PREVIEWS = YES;
				GENERATE_INFOPLIST_FILE = YES;
				INFOPLIST_FILE = TodayWod/info.plist;
				INFOPLIST_KEY_CFBundleDisplayName = TodayWod;
				INFOPLIST_KEY_UIApplicationSceneManifest_Generation = YES;
				INFOPLIST_KEY_UIApplicationSupportsIndirectInputEvents = YES;
				INFOPLIST_KEY_UILaunchScreen_Generation = YES;
				INFOPLIST_KEY_UISupportedInterfaceOrientations_iPad = "UIInterfaceOrientationPortrait UIInterfaceOrientationPortraitUpsideDown UIInterfaceOrientationLandscapeLeft UIInterfaceOrientationLandscapeRight";
				INFOPLIST_KEY_UISupportedInterfaceOrientations_iPhone = "UIInterfaceOrientationPortrait UIInterfaceOrientationLandscapeLeft UIInterfaceOrientationLandscapeRight";
				INFOPLIST_KEY_UIUserInterfaceStyle = Light;
				IPHONEOS_DEPLOYMENT_TARGET = 16.0;
				LD_RUNPATH_SEARCH_PATHS = (
					"$(inherited)",
					"@executable_path/Frameworks",
				);
				MARKETING_VERSION = 0.0.1;
				PRODUCT_BUNDLE_IDENTIFIER = com.tow.TodayWod;
				PRODUCT_NAME = "$(TARGET_NAME)";
				PROVISIONING_PROFILE_SPECIFIER = "";
				"PROVISIONING_PROFILE_SPECIFIER[sdk=iphoneos*]" = "TodayWod PP";
				SWIFT_EMIT_LOC_STRINGS = YES;
				SWIFT_VERSION = 5.0;
				TARGETED_DEVICE_FAMILY = "1,2";
				VERSIONING_SYSTEM = "apple-generic";
			};
			name = Release;
		};
/* End XCBuildConfiguration section */

/* Begin XCConfigurationList section */
		499B074A2C8BD6B700C46FDD /* Build configuration list for PBXProject "TodayWod" */ = {
			isa = XCConfigurationList;
			buildConfigurations = (
				499B075B2C8BD6B900C46FDD /* Debug */,
				499B075C2C8BD6B900C46FDD /* Release */,
			);
			defaultConfigurationIsVisible = 0;
			defaultConfigurationName = Release;
		};
		499B075D2C8BD6B900C46FDD /* Build configuration list for PBXNativeTarget "TodayWod" */ = {
			isa = XCConfigurationList;
			buildConfigurations = (
				499B075E2C8BD6B900C46FDD /* Debug */,
				499B075F2C8BD6B900C46FDD /* Release */,
			);
			defaultConfigurationIsVisible = 0;
			defaultConfigurationName = Release;
		};
/* End XCConfigurationList section */

/* Begin XCRemoteSwiftPackageReference section */
		499B07602C8BEEFD00C46FDD /* XCRemoteSwiftPackageReference "swift-composable-architecture" */ = {
			isa = XCRemoteSwiftPackageReference;
			repositoryURL = "https://github.com/pointfreeco/swift-composable-architecture";
			requirement = {
				kind = upToNextMajorVersion;
				minimumVersion = 1.14.0;
			};
		};
		ADCEE1062CBDEC5000D71FEB /* XCRemoteSwiftPackageReference "Alamofire" */ = {
			isa = XCRemoteSwiftPackageReference;
			repositoryURL = "https://github.com/Alamofire/Alamofire.git";
			requirement = {
				kind = upToNextMajorVersion;
				minimumVersion = 5.10.0;
			};
		};
/* End XCRemoteSwiftPackageReference section */

/* Begin XCSwiftPackageProductDependency section */
		499B07612C8BEEFD00C46FDD /* ComposableArchitecture */ = {
			isa = XCSwiftPackageProductDependency;
			package = 499B07602C8BEEFD00C46FDD /* XCRemoteSwiftPackageReference "swift-composable-architecture" */;
			productName = ComposableArchitecture;
		};
		ADCEE1072CBDEC5000D71FEB /* Alamofire */ = {
			isa = XCSwiftPackageProductDependency;
			package = ADCEE1062CBDEC5000D71FEB /* XCRemoteSwiftPackageReference "Alamofire" */;
			productName = Alamofire;
		};
/* End XCSwiftPackageProductDependency section */

/* Begin XCVersionGroup section */
		1C1D05152CBE421200BDA52D /* TodayWodCoreData.xcdatamodeld */ = {
			isa = XCVersionGroup;
			children = (
				1C1D05162CBE421200BDA52D /* TodayWodCoreData.xcdatamodel */,
			);
			currentVersion = 1C1D05162CBE421200BDA52D /* TodayWodCoreData.xcdatamodel */;
			path = TodayWodCoreData.xcdatamodeld;
			sourceTree = "<group>";
			versionGroupType = wrapper.xcdatamodel;
		};
/* End XCVersionGroup section */
	};
	rootObject = 499B07472C8BD6B700C46FDD /* Project object */;
}
