// !$*UTF8*$!
{
	archiveVersion = 1;
	classes = {
	};
	objectVersion = 56;
	objects = {

/* Begin PBXBuildFile section */
		1CC1FCCD2C91C532005FC6A2 /* Images.xcassets in Resources */ = {isa = PBXBuildFile; fileRef = 1CC1FCCC2C91C532005FC6A2 /* Images.xcassets */; };
		49101A702C8D373D00FDB709 /* AppFeature.swift in Sources */ = {isa = PBXBuildFile; fileRef = 49101A6F2C8D373D00FDB709 /* AppFeature.swift */; };
		49101A722C8D374400FDB709 /* HomeFeature.swift in Sources */ = {isa = PBXBuildFile; fileRef = 49101A712C8D374400FDB709 /* HomeFeature.swift */; };
		49101A752C8D37A500FDB709 /* SettingsFeature.swift in Sources */ = {isa = PBXBuildFile; fileRef = 49101A742C8D37A500FDB709 /* SettingsFeature.swift */; };
		49101A7A2C8D3DE800FDB709 /* TodayWod.swift in Sources */ = {isa = PBXBuildFile; fileRef = 49101A792C8D3DE800FDB709 /* TodayWod.swift */; };
		499B07532C8BD6B700C46FDD /* TodayWodApp.swift in Sources */ = {isa = PBXBuildFile; fileRef = 499B07522C8BD6B700C46FDD /* TodayWodApp.swift */; };
		499B07552C8BD6B700C46FDD /* ContentView.swift in Sources */ = {isa = PBXBuildFile; fileRef = 499B07542C8BD6B700C46FDD /* ContentView.swift */; };
		499B07572C8BD6B900C46FDD /* Assets.xcassets in Resources */ = {isa = PBXBuildFile; fileRef = 499B07562C8BD6B900C46FDD /* Assets.xcassets */; };
		499B075A2C8BD6B900C46FDD /* Preview Assets.xcassets in Resources */ = {isa = PBXBuildFile; fileRef = 499B07592C8BD6B900C46FDD /* Preview Assets.xcassets */; };
		499B07622C8BEEFD00C46FDD /* ComposableArchitecture in Frameworks */ = {isa = PBXBuildFile; productRef = 499B07612C8BEEFD00C46FDD /* ComposableArchitecture */; };
		499B07662C8BEFBF00C46FDD /* Colors.xcassets in Resources */ = {isa = PBXBuildFile; fileRef = 499B07652C8BEFBF00C46FDD /* Colors.xcassets */; };
		499B07692C8BEFDB00C46FDD /* SplashFeature.swift in Sources */ = {isa = PBXBuildFile; fileRef = 499B07682C8BEFDB00C46FDD /* SplashFeature.swift */; };
		49B8AF062C8C5D3900EA78CC /* Colors+Generated.swift in Sources */ = {isa = PBXBuildFile; fileRef = 49B8AF042C8C5D3900EA78CC /* Colors+Generated.swift */; };
		49B8AF072C8C5D3900EA78CC /* Images+Generated.swift in Sources */ = {isa = PBXBuildFile; fileRef = 49B8AF052C8C5D3900EA78CC /* Images+Generated.swift */; };
/* End PBXBuildFile section */

/* Begin PBXFileReference section */
		1CC1FCCC2C91C532005FC6A2 /* Images.xcassets */ = {isa = PBXFileReference; lastKnownFileType = folder.assetcatalog; path = Images.xcassets; sourceTree = "<group>"; };
		49101A6F2C8D373D00FDB709 /* AppFeature.swift */ = {isa = PBXFileReference; lastKnownFileType = sourcecode.swift; path = AppFeature.swift; sourceTree = "<group>"; };
		49101A712C8D374400FDB709 /* HomeFeature.swift */ = {isa = PBXFileReference; lastKnownFileType = sourcecode.swift; path = HomeFeature.swift; sourceTree = "<group>"; };
		49101A742C8D37A500FDB709 /* SettingsFeature.swift */ = {isa = PBXFileReference; lastKnownFileType = sourcecode.swift; path = SettingsFeature.swift; sourceTree = "<group>"; };
		49101A792C8D3DE800FDB709 /* TodayWod.swift */ = {isa = PBXFileReference; lastKnownFileType = sourcecode.swift; path = TodayWod.swift; sourceTree = "<group>"; };
		499B074F2C8BD6B700C46FDD /* TodayWod.app */ = {isa = PBXFileReference; explicitFileType = wrapper.application; includeInIndex = 0; path = TodayWod.app; sourceTree = BUILT_PRODUCTS_DIR; };
		499B07522C8BD6B700C46FDD /* TodayWodApp.swift */ = {isa = PBXFileReference; lastKnownFileType = sourcecode.swift; path = TodayWodApp.swift; sourceTree = "<group>"; };
		499B07542C8BD6B700C46FDD /* ContentView.swift */ = {isa = PBXFileReference; lastKnownFileType = sourcecode.swift; path = ContentView.swift; sourceTree = "<group>"; };
		499B07562C8BD6B900C46FDD /* Assets.xcassets */ = {isa = PBXFileReference; lastKnownFileType = folder.assetcatalog; path = Assets.xcassets; sourceTree = "<group>"; };
		499B07592C8BD6B900C46FDD /* Preview Assets.xcassets */ = {isa = PBXFileReference; lastKnownFileType = folder.assetcatalog; path = "Preview Assets.xcassets"; sourceTree = "<group>"; };
		499B07652C8BEFBF00C46FDD /* Colors.xcassets */ = {isa = PBXFileReference; lastKnownFileType = folder.assetcatalog; path = Colors.xcassets; sourceTree = "<group>"; };
		499B07682C8BEFDB00C46FDD /* SplashFeature.swift */ = {isa = PBXFileReference; lastKnownFileType = sourcecode.swift; path = SplashFeature.swift; sourceTree = "<group>"; };
		49B8AF042C8C5D3900EA78CC /* Colors+Generated.swift */ = {isa = PBXFileReference; fileEncoding = 4; lastKnownFileType = sourcecode.swift; path = "Colors+Generated.swift"; sourceTree = "<group>"; };
		49B8AF052C8C5D3900EA78CC /* Images+Generated.swift */ = {isa = PBXFileReference; fileEncoding = 4; lastKnownFileType = sourcecode.swift; path = "Images+Generated.swift"; sourceTree = "<group>"; };
/* End PBXFileReference section */

/* Begin PBXFrameworksBuildPhase section */
		499B074C2C8BD6B700C46FDD /* Frameworks */ = {
			isa = PBXFrameworksBuildPhase;
			buildActionMask = 2147483647;
			files = (
				499B07622C8BEEFD00C46FDD /* ComposableArchitecture in Frameworks */,
			);
			runOnlyForDeploymentPostprocessing = 0;
		};
/* End PBXFrameworksBuildPhase section */

/* Begin PBXGroup section */
		49101A732C8D379C00FDB709 /* Home */ = {
			isa = PBXGroup;
			children = (
				49101A712C8D374400FDB709 /* HomeFeature.swift */,
			);
			path = Home;
			sourceTree = "<group>";
		};
		49101A762C8D384700FDB709 /* Settings */ = {
			isa = PBXGroup;
			children = (
				49101A742C8D37A500FDB709 /* SettingsFeature.swift */,
			);
			path = Settings;
			sourceTree = "<group>";
		};
		499B07462C8BD6B700C46FDD = {
			isa = PBXGroup;
			children = (
				499B07512C8BD6B700C46FDD /* TodayWod */,
				499B07502C8BD6B700C46FDD /* Products */,
			);
			sourceTree = "<group>";
		};
		499B07502C8BD6B700C46FDD /* Products */ = {
			isa = PBXGroup;
			children = (
				499B074F2C8BD6B700C46FDD /* TodayWod.app */,
			);
			name = Products;
			sourceTree = "<group>";
		};
		499B07512C8BD6B700C46FDD /* TodayWod */ = {
			isa = PBXGroup;
			children = (
				499B07522C8BD6B700C46FDD /* TodayWodApp.swift */,
				499B07542C8BD6B700C46FDD /* ContentView.swift */,
				499B076A2C8BEFDF00C46FDD /* Features */,
				499B07672C8BEFC600C46FDD /* Resources */,
				499B07582C8BD6B900C46FDD /* Preview Content */,
			);
			path = TodayWod;
			sourceTree = "<group>";
		};
		499B07582C8BD6B900C46FDD /* Preview Content */ = {
			isa = PBXGroup;
			children = (
				499B07592C8BD6B900C46FDD /* Preview Assets.xcassets */,
			);
			path = "Preview Content";
			sourceTree = "<group>";
		};
		499B07672C8BEFC600C46FDD /* Resources */ = {
			isa = PBXGroup;
			children = (
				49B8AEFF2C8C5B8000EA78CC /* SwiftGen */,
				499B07562C8BD6B900C46FDD /* Assets.xcassets */,
				499B07652C8BEFBF00C46FDD /* Colors.xcassets */,
				1CC1FCCC2C91C532005FC6A2 /* Images.xcassets */,
			);
			path = Resources;
			sourceTree = "<group>";
		};
		499B076A2C8BEFDF00C46FDD /* Features */ = {
			isa = PBXGroup;
			children = (
				499B07682C8BEFDB00C46FDD /* SplashFeature.swift */,
				49101A6F2C8D373D00FDB709 /* AppFeature.swift */,
				49101A792C8D3DE800FDB709 /* TodayWod.swift */,
				49101A732C8D379C00FDB709 /* Home */,
				49101A762C8D384700FDB709 /* Settings */,
			);
			path = Features;
			sourceTree = "<group>";
		};
		49B8AEFF2C8C5B8000EA78CC /* SwiftGen */ = {
			isa = PBXGroup;
			children = (
				49B8AF042C8C5D3900EA78CC /* Colors+Generated.swift */,
				49B8AF052C8C5D3900EA78CC /* Images+Generated.swift */,
			);
			path = SwiftGen;
			sourceTree = "<group>";
		};
/* End PBXGroup section */

/* Begin PBXNativeTarget section */
		499B074E2C8BD6B700C46FDD /* TodayWod */ = {
			isa = PBXNativeTarget;
			buildConfigurationList = 499B075D2C8BD6B900C46FDD /* Build configuration list for PBXNativeTarget "TodayWod" */;
			buildPhases = (
				499B074B2C8BD6B700C46FDD /* Sources */,
				499B074C2C8BD6B700C46FDD /* Frameworks */,
				499B074D2C8BD6B700C46FDD /* Resources */,
				49B8AEFE2C8C577800EA78CC /* SwiftGen */,
			);
			buildRules = (
			);
			dependencies = (
			);
			name = TodayWod;
			packageProductDependencies = (
				499B07612C8BEEFD00C46FDD /* ComposableArchitecture */,
			);
			productName = TodayWod;
			productReference = 499B074F2C8BD6B700C46FDD /* TodayWod.app */;
			productType = "com.apple.product-type.application";
		};
/* End PBXNativeTarget section */

/* Begin PBXProject section */
		499B07472C8BD6B700C46FDD /* Project object */ = {
			isa = PBXProject;
			attributes = {
				BuildIndependentTargetsInParallel = 1;
				LastSwiftUpdateCheck = 1540;
				LastUpgradeCheck = 1540;
				TargetAttributes = {
					499B074E2C8BD6B700C46FDD = {
						CreatedOnToolsVersion = 15.4;
					};
				};
			};
			buildConfigurationList = 499B074A2C8BD6B700C46FDD /* Build configuration list for PBXProject "TodayWod" */;
			compatibilityVersion = "Xcode 14.0";
			developmentRegion = en;
			hasScannedForEncodings = 0;
			knownRegions = (
				en,
				Base,
			);
			mainGroup = 499B07462C8BD6B700C46FDD;
			packageReferences = (
				499B07602C8BEEFD00C46FDD /* XCRemoteSwiftPackageReference "swift-composable-architecture" */,
			);
			productRefGroup = 499B07502C8BD6B700C46FDD /* Products */;
			projectDirPath = "";
			projectRoot = "";
			targets = (
				499B074E2C8BD6B700C46FDD /* TodayWod */,
			);
		};
/* End PBXProject section */

/* Begin PBXResourcesBuildPhase section */
		499B074D2C8BD6B700C46FDD /* Resources */ = {
			isa = PBXResourcesBuildPhase;
			buildActionMask = 2147483647;
			files = (
				499B07662C8BEFBF00C46FDD /* Colors.xcassets in Resources */,
				1CC1FCCD2C91C532005FC6A2 /* Images.xcassets in Resources */,
				499B075A2C8BD6B900C46FDD /* Preview Assets.xcassets in Resources */,
				499B07572C8BD6B900C46FDD /* Assets.xcassets in Resources */,
			);
			runOnlyForDeploymentPostprocessing = 0;
		};
/* End PBXResourcesBuildPhase section */

/* Begin PBXShellScriptBuildPhase section */
		49B8AEFE2C8C577800EA78CC /* SwiftGen */ = {
			isa = PBXShellScriptBuildPhase;
			buildActionMask = 2147483647;
			files = (
			);
			inputFileListPaths = (
			);
			inputPaths = (
			);
			name = SwiftGen;
			outputFileListPaths = (
			);
			outputPaths = (
			);
			runOnlyForDeploymentPostprocessing = 0;
			shellPath = /bin/sh;
			shellScript = "# Type a script or drag a script file from your workspace to insert its path.\n/opt/homebrew/bin/swiftgen config run --config $SRCROOT/swiftgen.yml\n";
		};
/* End PBXShellScriptBuildPhase section */

/* Begin PBXSourcesBuildPhase section */
		499B074B2C8BD6B700C46FDD /* Sources */ = {
			isa = PBXSourcesBuildPhase;
			buildActionMask = 2147483647;
			files = (
				49101A702C8D373D00FDB709 /* AppFeature.swift in Sources */,
				499B07692C8BEFDB00C46FDD /* SplashFeature.swift in Sources */,
				49101A722C8D374400FDB709 /* HomeFeature.swift in Sources */,
				49B8AF062C8C5D3900EA78CC /* Colors+Generated.swift in Sources */,
				499B07552C8BD6B700C46FDD /* ContentView.swift in Sources */,
				49101A752C8D37A500FDB709 /* SettingsFeature.swift in Sources */,
				49101A7A2C8D3DE800FDB709 /* TodayWod.swift in Sources */,
				49B8AF072C8C5D3900EA78CC /* Images+Generated.swift in Sources */,
				499B07532C8BD6B700C46FDD /* TodayWodApp.swift in Sources */,
			);
			runOnlyForDeploymentPostprocessing = 0;
		};
/* End PBXSourcesBuildPhase section */

/* Begin XCBuildConfiguration section */
		499B075B2C8BD6B900C46FDD /* Debug */ = {
			isa = XCBuildConfiguration;
			buildSettings = {
				ALWAYS_SEARCH_USER_PATHS = NO;
				ASSETCATALOG_COMPILER_GENERATE_SWIFT_ASSET_SYMBOL_EXTENSIONS = YES;
				CLANG_ANALYZER_NONNULL = YES;
				CLANG_ANALYZER_NUMBER_OBJECT_CONVERSION = YES_AGGRESSIVE;
				CLANG_CXX_LANGUAGE_STANDARD = "gnu++20";
				CLANG_ENABLE_MODULES = YES;
				CLANG_ENABLE_OBJC_ARC = YES;
				CLANG_ENABLE_OBJC_WEAK = YES;
				CLANG_WARN_BLOCK_CAPTURE_AUTORELEASING = YES;
				CLANG_WARN_BOOL_CONVERSION = YES;
				CLANG_WARN_COMMA = YES;
				CLANG_WARN_CONSTANT_CONVERSION = YES;
				CLANG_WARN_DEPRECATED_OBJC_IMPLEMENTATIONS = YES;
				CLANG_WARN_DIRECT_OBJC_ISA_USAGE = YES_ERROR;
				CLANG_WARN_DOCUMENTATION_COMMENTS = YES;
				CLANG_WARN_EMPTY_BODY = YES;
				CLANG_WARN_ENUM_CONVERSION = YES;
				CLANG_WARN_INFINITE_RECURSION = YES;
				CLANG_WARN_INT_CONVERSION = YES;
				CLANG_WARN_NON_LITERAL_NULL_CONVERSION = YES;
				CLANG_WARN_OBJC_IMPLICIT_RETAIN_SELF = YES;
				CLANG_WARN_OBJC_LITERAL_CONVERSION = YES;
				CLANG_WARN_OBJC_ROOT_CLASS = YES_ERROR;
				CLANG_WARN_QUOTED_INCLUDE_IN_FRAMEWORK_HEADER = YES;
				CLANG_WARN_RANGE_LOOP_ANALYSIS = YES;
				CLANG_WARN_STRICT_PROTOTYPES = YES;
				CLANG_WARN_SUSPICIOUS_MOVE = YES;
				CLANG_WARN_UNGUARDED_AVAILABILITY = YES_AGGRESSIVE;
				CLANG_WARN_UNREACHABLE_CODE = YES;
				CLANG_WARN__DUPLICATE_METHOD_MATCH = YES;
				COPY_PHASE_STRIP = NO;
				DEBUG_INFORMATION_FORMAT = dwarf;
				ENABLE_STRICT_OBJC_MSGSEND = YES;
				ENABLE_TESTABILITY = YES;
				ENABLE_USER_SCRIPT_SANDBOXING = NO;
				GCC_C_LANGUAGE_STANDARD = gnu17;
				GCC_DYNAMIC_NO_PIC = NO;
				GCC_NO_COMMON_BLOCKS = YES;
				GCC_OPTIMIZATION_LEVEL = 0;
				GCC_PREPROCESSOR_DEFINITIONS = (
					"DEBUG=1",
					"$(inherited)",
				);
				GCC_WARN_64_TO_32_BIT_CONVERSION = YES;
				GCC_WARN_ABOUT_RETURN_TYPE = YES_ERROR;
				GCC_WARN_UNDECLARED_SELECTOR = YES;
				GCC_WARN_UNINITIALIZED_AUTOS = YES_AGGRESSIVE;
				GCC_WARN_UNUSED_FUNCTION = YES;
				GCC_WARN_UNUSED_VARIABLE = YES;
				IPHONEOS_DEPLOYMENT_TARGET = 16.0;
				LOCALIZATION_PREFERS_STRING_CATALOGS = YES;
				MTL_ENABLE_DEBUG_INFO = INCLUDE_SOURCE;
				MTL_FAST_MATH = YES;
				ONLY_ACTIVE_ARCH = YES;
				SDKROOT = iphoneos;
				SWIFT_ACTIVE_COMPILATION_CONDITIONS = "DEBUG $(inherited)";
				SWIFT_OPTIMIZATION_LEVEL = "-Onone";
			};
			name = Debug;
		};
		499B075C2C8BD6B900C46FDD /* Release */ = {
			isa = XCBuildConfiguration;
			buildSettings = {
				ALWAYS_SEARCH_USER_PATHS = NO;
				ASSETCATALOG_COMPILER_GENERATE_SWIFT_ASSET_SYMBOL_EXTENSIONS = YES;
				CLANG_ANALYZER_NONNULL = YES;
				CLANG_ANALYZER_NUMBER_OBJECT_CONVERSION = YES_AGGRESSIVE;
				CLANG_CXX_LANGUAGE_STANDARD = "gnu++20";
				CLANG_ENABLE_MODULES = YES;
				CLANG_ENABLE_OBJC_ARC = YES;
				CLANG_ENABLE_OBJC_WEAK = YES;
				CLANG_WARN_BLOCK_CAPTURE_AUTORELEASING = YES;
				CLANG_WARN_BOOL_CONVERSION = YES;
				CLANG_WARN_COMMA = YES;
				CLANG_WARN_CONSTANT_CONVERSION = YES;
				CLANG_WARN_DEPRECATED_OBJC_IMPLEMENTATIONS = YES;
				CLANG_WARN_DIRECT_OBJC_ISA_USAGE = YES_ERROR;
				CLANG_WARN_DOCUMENTATION_COMMENTS = YES;
				CLANG_WARN_EMPTY_BODY = YES;
				CLANG_WARN_ENUM_CONVERSION = YES;
				CLANG_WARN_INFINITE_RECURSION = YES;
				CLANG_WARN_INT_CONVERSION = YES;
				CLANG_WARN_NON_LITERAL_NULL_CONVERSION = YES;
				CLANG_WARN_OBJC_IMPLICIT_RETAIN_SELF = YES;
				CLANG_WARN_OBJC_LITERAL_CONVERSION = YES;
				CLANG_WARN_OBJC_ROOT_CLASS = YES_ERROR;
				CLANG_WARN_QUOTED_INCLUDE_IN_FRAMEWORK_HEADER = YES;
				CLANG_WARN_RANGE_LOOP_ANALYSIS = YES;
				CLANG_WARN_STRICT_PROTOTYPES = YES;
				CLANG_WARN_SUSPICIOUS_MOVE = YES;
				CLANG_WARN_UNGUARDED_AVAILABILITY = YES_AGGRESSIVE;
				CLANG_WARN_UNREACHABLE_CODE = YES;
				CLANG_WARN__DUPLICATE_METHOD_MATCH = YES;
				COPY_PHASE_STRIP = NO;
				DEBUG_INFORMATION_FORMAT = "dwarf-with-dsym";
				ENABLE_NS_ASSERTIONS = NO;
				ENABLE_STRICT_OBJC_MSGSEND = YES;
				ENABLE_USER_SCRIPT_SANDBOXING = NO;
				GCC_C_LANGUAGE_STANDARD = gnu17;
				GCC_NO_COMMON_BLOCKS = YES;
				GCC_WARN_64_TO_32_BIT_CONVERSION = YES;
				GCC_WARN_ABOUT_RETURN_TYPE = YES_ERROR;
				GCC_WARN_UNDECLARED_SELECTOR = YES;
				GCC_WARN_UNINITIALIZED_AUTOS = YES_AGGRESSIVE;
				GCC_WARN_UNUSED_FUNCTION = YES;
				GCC_WARN_UNUSED_VARIABLE = YES;
				IPHONEOS_DEPLOYMENT_TARGET = 16.0;
				LOCALIZATION_PREFERS_STRING_CATALOGS = YES;
				MTL_ENABLE_DEBUG_INFO = NO;
				MTL_FAST_MATH = YES;
				SDKROOT = iphoneos;
				SWIFT_COMPILATION_MODE = wholemodule;
				VALIDATE_PRODUCT = YES;
			};
			name = Release;
		};
		499B075E2C8BD6B900C46FDD /* Debug */ = {
			isa = XCBuildConfiguration;
			buildSettings = {
				ASSETCATALOG_COMPILER_APPICON_NAME = AppIcon;
				ASSETCATALOG_COMPILER_GLOBAL_ACCENT_COLOR_NAME = AccentColor;
				CODE_SIGN_IDENTITY = "Apple Development";
				CODE_SIGN_STYLE = Automatic;
				CURRENT_PROJECT_VERSION = 1;
				DEVELOPMENT_ASSET_PATHS = "\"TodayWod/Preview Content\"";
				DEVELOPMENT_TEAM = VLXYWWGUU9;
				ENABLE_PREVIEWS = YES;
				GENERATE_INFOPLIST_FILE = YES;
				INFOPLIST_KEY_CFBundleDisplayName = TodayWod;
				INFOPLIST_KEY_UIApplicationSceneManifest_Generation = YES;
				INFOPLIST_KEY_UIApplicationSupportsIndirectInputEvents = YES;
				INFOPLIST_KEY_UILaunchScreen_Generation = YES;
				INFOPLIST_KEY_UISupportedInterfaceOrientations_iPad = "UIInterfaceOrientationPortrait UIInterfaceOrientationPortraitUpsideDown UIInterfaceOrientationLandscapeLeft UIInterfaceOrientationLandscapeRight";
				INFOPLIST_KEY_UISupportedInterfaceOrientations_iPhone = "UIInterfaceOrientationPortrait UIInterfaceOrientationLandscapeLeft UIInterfaceOrientationLandscapeRight";
				IPHONEOS_DEPLOYMENT_TARGET = 16.0;
				LD_RUNPATH_SEARCH_PATHS = (
					"$(inherited)",
					"@executable_path/Frameworks",
				);
				MARKETING_VERSION = 1.0;
				PRODUCT_BUNDLE_IDENTIFIER = com.oji.TodayWod;
				PRODUCT_NAME = "$(TARGET_NAME)";
				PROVISIONING_PROFILE_SPECIFIER = "";
				SWIFT_EMIT_LOC_STRINGS = YES;
				SWIFT_VERSION = 5.0;
				TARGETED_DEVICE_FAMILY = "1,2";
			};
			name = Debug;
		};
		499B075F2C8BD6B900C46FDD /* Release */ = {
			isa = XCBuildConfiguration;
			buildSettings = {
				ASSETCATALOG_COMPILER_APPICON_NAME = AppIcon;
				ASSETCATALOG_COMPILER_GLOBAL_ACCENT_COLOR_NAME = AccentColor;
				CODE_SIGN_IDENTITY = "Apple Development";
				CODE_SIGN_STYLE = Automatic;
				CURRENT_PROJECT_VERSION = 1;
				DEVELOPMENT_ASSET_PATHS = "\"TodayWod/Preview Content\"";
				DEVELOPMENT_TEAM = VLXYWWGUU9;
				ENABLE_PREVIEWS = YES;
				GENERATE_INFOPLIST_FILE = YES;
				INFOPLIST_KEY_CFBundleDisplayName = TodayWod;
				INFOPLIST_KEY_UIApplicationSceneManifest_Generation = YES;
				INFOPLIST_KEY_UIApplicationSupportsIndirectInputEvents = YES;
				INFOPLIST_KEY_UILaunchScreen_Generation = YES;
				INFOPLIST_KEY_UISupportedInterfaceOrientations_iPad = "UIInterfaceOrientationPortrait UIInterfaceOrientationPortraitUpsideDown UIInterfaceOrientationLandscapeLeft UIInterfaceOrientationLandscapeRight";
				INFOPLIST_KEY_UISupportedInterfaceOrientations_iPhone = "UIInterfaceOrientationPortrait UIInterfaceOrientationLandscapeLeft UIInterfaceOrientationLandscapeRight";
				IPHONEOS_DEPLOYMENT_TARGET = 16.0;
				LD_RUNPATH_SEARCH_PATHS = (
					"$(inherited)",
					"@executable_path/Frameworks",
				);
				MARKETING_VERSION = 1.0;
				PRODUCT_BUNDLE_IDENTIFIER = com.oji.TodayWod;
				PRODUCT_NAME = "$(TARGET_NAME)";
				PROVISIONING_PROFILE_SPECIFIER = "";
				SWIFT_EMIT_LOC_STRINGS = YES;
				SWIFT_VERSION = 5.0;
				TARGETED_DEVICE_FAMILY = "1,2";
			};
			name = Release;
		};
/* End XCBuildConfiguration section */

/* Begin XCConfigurationList section */
		499B074A2C8BD6B700C46FDD /* Build configuration list for PBXProject "TodayWod" */ = {
			isa = XCConfigurationList;
			buildConfigurations = (
				499B075B2C8BD6B900C46FDD /* Debug */,
				499B075C2C8BD6B900C46FDD /* Release */,
			);
			defaultConfigurationIsVisible = 0;
			defaultConfigurationName = Release;
		};
		499B075D2C8BD6B900C46FDD /* Build configuration list for PBXNativeTarget "TodayWod" */ = {
			isa = XCConfigurationList;
			buildConfigurations = (
				499B075E2C8BD6B900C46FDD /* Debug */,
				499B075F2C8BD6B900C46FDD /* Release */,
			);
			defaultConfigurationIsVisible = 0;
			defaultConfigurationName = Release;
		};
/* End XCConfigurationList section */

/* Begin XCRemoteSwiftPackageReference section */
		499B07602C8BEEFD00C46FDD /* XCRemoteSwiftPackageReference "swift-composable-architecture" */ = {
			isa = XCRemoteSwiftPackageReference;
			repositoryURL = "https://github.com/pointfreeco/swift-composable-architecture";
			requirement = {
				kind = upToNextMajorVersion;
				minimumVersion = 1.14.0;
			};
		};
/* End XCRemoteSwiftPackageReference section */

/* Begin XCSwiftPackageProductDependency section */
		499B07612C8BEEFD00C46FDD /* ComposableArchitecture */ = {
			isa = XCSwiftPackageProductDependency;
			package = 499B07602C8BEEFD00C46FDD /* XCRemoteSwiftPackageReference "swift-composable-architecture" */;
			productName = ComposableArchitecture;
		};
/* End XCSwiftPackageProductDependency section */
	};
	rootObject = 499B07472C8BD6B700C46FDD /* Project object */;
}
