// !$*UTF8*$!
{
	archiveVersion = 1;
	classes = {
	};
	objectVersion = 56;
	objects = {

/* Begin PBXBuildFile section */
		1CB97FD12C991F2C005ACECB /* WorkOutDayModel.swift in Sources */ = {isa = PBXBuildFile; fileRef = 1CB97FD02C991F2C005ACECB /* WorkOutDayModel.swift */; };
		1CB97FD32C991F49005ACECB /* WodModel.swift in Sources */ = {isa = PBXBuildFile; fileRef = 1CB97FD22C991F49005ACECB /* WodModel.swift */; };
		1CB97FD52C9921B0005ACECB /* WorkOutType.swift in Sources */ = {isa = PBXBuildFile; fileRef = 1CB97FD42C9921B0005ACECB /* WorkOutType.swift */; };
		1CB97FD72C9921C8005ACECB /* ExerciseUnit.swift in Sources */ = {isa = PBXBuildFile; fileRef = 1CB97FD62C9921C8005ACECB /* ExerciseUnit.swift */; };
		1CB97FD92C992441005ACECB /* WorkOutDayTagType.swift in Sources */ = {isa = PBXBuildFile; fileRef = 1CB97FD82C992440005ACECB /* WorkOutDayTagType.swift */; };
		1CC1FCCD2C91C532005FC6A2 /* Images.xcassets in Resources */ = {isa = PBXBuildFile; fileRef = 1CC1FCCC2C91C532005FC6A2 /* Images.xcassets */; };
		49101A702C8D373D00FDB709 /* AppFeature.swift in Sources */ = {isa = PBXBuildFile; fileRef = 49101A6F2C8D373D00FDB709 /* AppFeature.swift */; };
		49101A722C8D374400FDB709 /* HomeFeature.swift in Sources */ = {isa = PBXBuildFile; fileRef = 49101A712C8D374400FDB709 /* HomeFeature.swift */; };
		49101A752C8D37A500FDB709 /* SettingsFeature.swift in Sources */ = {isa = PBXBuildFile; fileRef = 49101A742C8D37A500FDB709 /* SettingsFeature.swift */; };
		49101A7A2C8D3DE800FDB709 /* TodayWod.swift in Sources */ = {isa = PBXBuildFile; fileRef = 49101A792C8D3DE800FDB709 /* TodayWod.swift */; };
		49101A7C2C8F3D3100FDB709 /* SocialLoginFeature.swift in Sources */ = {isa = PBXBuildFile; fileRef = 49101A7B2C8F3D3100FDB709 /* SocialLoginFeature.swift */; };
		49101A802C9086B800FDB709 /* UserDefaultsManager.swift in Sources */ = {isa = PBXBuildFile; fileRef = 49101A7F2C9086B800FDB709 /* UserDefaultsManager.swift */; };
		49101A832C90878300FDB709 /* UserInfoModel.swift in Sources */ = {isa = PBXBuildFile; fileRef = 49101A822C90878300FDB709 /* UserInfoModel.swift */; };
		49593C292C9570F4006105D1 /* Pretendard-Thin.otf in Resources */ = {isa = PBXBuildFile; fileRef = 49593C202C9570F3006105D1 /* Pretendard-Thin.otf */; };
		49593C2A2C9570F4006105D1 /* Pretendard-Bold.otf in Resources */ = {isa = PBXBuildFile; fileRef = 49593C212C9570F3006105D1 /* Pretendard-Bold.otf */; };
		49593C2B2C9570F4006105D1 /* Pretendard-Medium.otf in Resources */ = {isa = PBXBuildFile; fileRef = 49593C222C9570F4006105D1 /* Pretendard-Medium.otf */; };
		49593C2C2C9570F4006105D1 /* Pretendard-Black.otf in Resources */ = {isa = PBXBuildFile; fileRef = 49593C232C9570F4006105D1 /* Pretendard-Black.otf */; };
		49593C2D2C9570F4006105D1 /* Pretendard-Regular.otf in Resources */ = {isa = PBXBuildFile; fileRef = 49593C242C9570F4006105D1 /* Pretendard-Regular.otf */; };
		49593C2E2C9570F4006105D1 /* Pretendard-SemiBold.otf in Resources */ = {isa = PBXBuildFile; fileRef = 49593C252C9570F4006105D1 /* Pretendard-SemiBold.otf */; };
		49593C2F2C9570F4006105D1 /* Pretendard-Light.otf in Resources */ = {isa = PBXBuildFile; fileRef = 49593C262C9570F4006105D1 /* Pretendard-Light.otf */; };
		49593C302C9570F4006105D1 /* Pretendard-ExtraBold.otf in Resources */ = {isa = PBXBuildFile; fileRef = 49593C272C9570F4006105D1 /* Pretendard-ExtraBold.otf */; };
		49593C312C9570F4006105D1 /* Pretendard-ExtraLight.otf in Resources */ = {isa = PBXBuildFile; fileRef = 49593C282C9570F4006105D1 /* Pretendard-ExtraLight.otf */; };
		49593C332C969126006105D1 /* CustomNavigationView.swift in Sources */ = {isa = PBXBuildFile; fileRef = 49593C322C969126006105D1 /* CustomNavigationView.swift */; };
		49593C362C969294006105D1 /* ButtonTextModifier.swift in Sources */ = {isa = PBXBuildFile; fileRef = 49593C352C969293006105D1 /* ButtonTextModifier.swift */; };
		49593C3A2C969BC2006105D1 /* HeightInputFeature.swift in Sources */ = {isa = PBXBuildFile; fileRef = 49593C392C969BC2006105D1 /* HeightInputFeature.swift */; };
		4992E6822C97E068001A1375 /* WeightInputFeature.swift in Sources */ = {isa = PBXBuildFile; fileRef = 4992E6812C97E068001A1375 /* WeightInputFeature.swift */; };
		4992E6852C980A04001A1375 /* LevelSelectFeature.swift in Sources */ = {isa = PBXBuildFile; fileRef = 4992E6842C980A04001A1375 /* LevelSelectFeature.swift */; };
		4992E6882C983DF6001A1375 /* MethodSelectFeature.swift in Sources */ = {isa = PBXBuildFile; fileRef = 4992E6872C983DF6001A1375 /* MethodSelectFeature.swift */; };
		4992E68B2C98601B001A1375 /* MethodDescriptionFeature.swift in Sources */ = {isa = PBXBuildFile; fileRef = 4992E68A2C98601B001A1375 /* MethodDescriptionFeature.swift */; };
		4992E68D2C9865D5001A1375 /* MethodType.swift in Sources */ = {isa = PBXBuildFile; fileRef = 4992E68C2C9865D5001A1375 /* MethodType.swift */; };
		499B07532C8BD6B700C46FDD /* TodayWodApp.swift in Sources */ = {isa = PBXBuildFile; fileRef = 499B07522C8BD6B700C46FDD /* TodayWodApp.swift */; };
		499B07552C8BD6B700C46FDD /* ContentView.swift in Sources */ = {isa = PBXBuildFile; fileRef = 499B07542C8BD6B700C46FDD /* ContentView.swift */; };
		499B07572C8BD6B900C46FDD /* Assets.xcassets in Resources */ = {isa = PBXBuildFile; fileRef = 499B07562C8BD6B900C46FDD /* Assets.xcassets */; };
		499B075A2C8BD6B900C46FDD /* Preview Assets.xcassets in Resources */ = {isa = PBXBuildFile; fileRef = 499B07592C8BD6B900C46FDD /* Preview Assets.xcassets */; };
		499B07622C8BEEFD00C46FDD /* ComposableArchitecture in Frameworks */ = {isa = PBXBuildFile; productRef = 499B07612C8BEEFD00C46FDD /* ComposableArchitecture */; };
		499B07662C8BEFBF00C46FDD /* Colors.xcassets in Resources */ = {isa = PBXBuildFile; fileRef = 499B07652C8BEFBF00C46FDD /* Colors.xcassets */; };
		499B07692C8BEFDB00C46FDD /* SplashFeature.swift in Sources */ = {isa = PBXBuildFile; fileRef = 499B07682C8BEFDB00C46FDD /* SplashFeature.swift */; };
		49B8AF062C8C5D3900EA78CC /* Colors+Generated.swift in Sources */ = {isa = PBXBuildFile; fileRef = 49B8AF042C8C5D3900EA78CC /* Colors+Generated.swift */; };
		49B8AF072C8C5D3900EA78CC /* Images+Generated.swift in Sources */ = {isa = PBXBuildFile; fileRef = 49B8AF052C8C5D3900EA78CC /* Images+Generated.swift */; };
		AD4187D32C94150B0071AD99 /* OnboardingUserInfoModel.swift in Sources */ = {isa = PBXBuildFile; fileRef = AD4187D22C94150B0071AD99 /* OnboardingUserInfoModel.swift */; };
		AD4187D52C9416400071AD99 /* GenderType.swift in Sources */ = {isa = PBXBuildFile; fileRef = AD4187D42C9416400071AD99 /* GenderType.swift */; };
		AD4187D72C9416510071AD99 /* LevelType.swift in Sources */ = {isa = PBXBuildFile; fileRef = AD4187D62C9416510071AD99 /* LevelType.swift */; };
		ADBACAA32C92D4BF00BED61C /* GenderSelectFeature.swift in Sources */ = {isa = PBXBuildFile; fileRef = ADBACAA22C92D4BF00BED61C /* GenderSelectFeature.swift */; };
		ADC5B0582C92E04000E06C8E /* NicknameFeature.swift in Sources */ = {isa = PBXBuildFile; fileRef = ADC5B0572C92E04000E06C8E /* NicknameFeature.swift */; };
		ADC5B0642C93D4DC00E06C8E /* Fonts+Generated.swift in Sources */ = {isa = PBXBuildFile; fileRef = ADC5B0632C93D4DC00E06C8E /* Fonts+Generated.swift */; };
/* End PBXBuildFile section */

/* Begin PBXFileReference section */
		1CB97FD02C991F2C005ACECB /* WorkOutDayModel.swift */ = {isa = PBXFileReference; lastKnownFileType = sourcecode.swift; path = WorkOutDayModel.swift; sourceTree = "<group>"; };
		1CB97FD22C991F49005ACECB /* WodModel.swift */ = {isa = PBXFileReference; lastKnownFileType = sourcecode.swift; path = WodModel.swift; sourceTree = "<group>"; };
		1CB97FD42C9921B0005ACECB /* WorkOutType.swift */ = {isa = PBXFileReference; lastKnownFileType = sourcecode.swift; path = WorkOutType.swift; sourceTree = "<group>"; };
		1CB97FD62C9921C8005ACECB /* ExerciseUnit.swift */ = {isa = PBXFileReference; lastKnownFileType = sourcecode.swift; path = ExerciseUnit.swift; sourceTree = "<group>"; };
		1CB97FD82C992440005ACECB /* WorkOutDayTagType.swift */ = {isa = PBXFileReference; lastKnownFileType = sourcecode.swift; path = WorkOutDayTagType.swift; sourceTree = "<group>"; };
		1CC1FCCC2C91C532005FC6A2 /* Images.xcassets */ = {isa = PBXFileReference; lastKnownFileType = folder.assetcatalog; path = Images.xcassets; sourceTree = "<group>"; };
		49101A6F2C8D373D00FDB709 /* AppFeature.swift */ = {isa = PBXFileReference; lastKnownFileType = sourcecode.swift; path = AppFeature.swift; sourceTree = "<group>"; };
		49101A712C8D374400FDB709 /* HomeFeature.swift */ = {isa = PBXFileReference; lastKnownFileType = sourcecode.swift; path = HomeFeature.swift; sourceTree = "<group>"; };
		49101A742C8D37A500FDB709 /* SettingsFeature.swift */ = {isa = PBXFileReference; lastKnownFileType = sourcecode.swift; path = SettingsFeature.swift; sourceTree = "<group>"; };
		49101A792C8D3DE800FDB709 /* TodayWod.swift */ = {isa = PBXFileReference; lastKnownFileType = sourcecode.swift; path = TodayWod.swift; sourceTree = "<group>"; };
		49101A7B2C8F3D3100FDB709 /* SocialLoginFeature.swift */ = {isa = PBXFileReference; lastKnownFileType = sourcecode.swift; path = SocialLoginFeature.swift; sourceTree = "<group>"; };
		49101A7F2C9086B800FDB709 /* UserDefaultsManager.swift */ = {isa = PBXFileReference; lastKnownFileType = sourcecode.swift; path = UserDefaultsManager.swift; sourceTree = "<group>"; };
		49101A822C90878300FDB709 /* UserInfoModel.swift */ = {isa = PBXFileReference; lastKnownFileType = sourcecode.swift; path = UserInfoModel.swift; sourceTree = "<group>"; };
		49593C202C9570F3006105D1 /* Pretendard-Thin.otf */ = {isa = PBXFileReference; lastKnownFileType = file; path = "Pretendard-Thin.otf"; sourceTree = "<group>"; };
		49593C212C9570F3006105D1 /* Pretendard-Bold.otf */ = {isa = PBXFileReference; lastKnownFileType = file; path = "Pretendard-Bold.otf"; sourceTree = "<group>"; };
		49593C222C9570F4006105D1 /* Pretendard-Medium.otf */ = {isa = PBXFileReference; lastKnownFileType = file; path = "Pretendard-Medium.otf"; sourceTree = "<group>"; };
		49593C232C9570F4006105D1 /* Pretendard-Black.otf */ = {isa = PBXFileReference; lastKnownFileType = file; path = "Pretendard-Black.otf"; sourceTree = "<group>"; };
		49593C242C9570F4006105D1 /* Pretendard-Regular.otf */ = {isa = PBXFileReference; lastKnownFileType = file; path = "Pretendard-Regular.otf"; sourceTree = "<group>"; };
		49593C252C9570F4006105D1 /* Pretendard-SemiBold.otf */ = {isa = PBXFileReference; lastKnownFileType = file; path = "Pretendard-SemiBold.otf"; sourceTree = "<group>"; };
		49593C262C9570F4006105D1 /* Pretendard-Light.otf */ = {isa = PBXFileReference; lastKnownFileType = file; path = "Pretendard-Light.otf"; sourceTree = "<group>"; };
		49593C272C9570F4006105D1 /* Pretendard-ExtraBold.otf */ = {isa = PBXFileReference; lastKnownFileType = file; path = "Pretendard-ExtraBold.otf"; sourceTree = "<group>"; };
		49593C282C9570F4006105D1 /* Pretendard-ExtraLight.otf */ = {isa = PBXFileReference; lastKnownFileType = file; path = "Pretendard-ExtraLight.otf"; sourceTree = "<group>"; };
		49593C322C969126006105D1 /* CustomNavigationView.swift */ = {isa = PBXFileReference; lastKnownFileType = sourcecode.swift; path = CustomNavigationView.swift; sourceTree = "<group>"; };
		49593C352C969293006105D1 /* ButtonTextModifier.swift */ = {isa = PBXFileReference; lastKnownFileType = sourcecode.swift; path = ButtonTextModifier.swift; sourceTree = "<group>"; };
		49593C392C969BC2006105D1 /* HeightInputFeature.swift */ = {isa = PBXFileReference; lastKnownFileType = sourcecode.swift; path = HeightInputFeature.swift; sourceTree = "<group>"; };
		4992E6812C97E068001A1375 /* WeightInputFeature.swift */ = {isa = PBXFileReference; lastKnownFileType = sourcecode.swift; path = WeightInputFeature.swift; sourceTree = "<group>"; };
		4992E6842C980A04001A1375 /* LevelSelectFeature.swift */ = {isa = PBXFileReference; lastKnownFileType = sourcecode.swift; path = LevelSelectFeature.swift; sourceTree = "<group>"; };
		4992E6872C983DF6001A1375 /* MethodSelectFeature.swift */ = {isa = PBXFileReference; lastKnownFileType = sourcecode.swift; path = MethodSelectFeature.swift; sourceTree = "<group>"; };
		4992E68A2C98601B001A1375 /* MethodDescriptionFeature.swift */ = {isa = PBXFileReference; lastKnownFileType = sourcecode.swift; path = MethodDescriptionFeature.swift; sourceTree = "<group>"; };
		4992E68C2C9865D5001A1375 /* MethodType.swift */ = {isa = PBXFileReference; lastKnownFileType = sourcecode.swift; path = MethodType.swift; sourceTree = "<group>"; };
		499B074F2C8BD6B700C46FDD /* TodayWod.app */ = {isa = PBXFileReference; explicitFileType = wrapper.application; includeInIndex = 0; path = TodayWod.app; sourceTree = BUILT_PRODUCTS_DIR; };
		499B07522C8BD6B700C46FDD /* TodayWodApp.swift */ = {isa = PBXFileReference; lastKnownFileType = sourcecode.swift; path = TodayWodApp.swift; sourceTree = "<group>"; };
		499B07542C8BD6B700C46FDD /* ContentView.swift */ = {isa = PBXFileReference; lastKnownFileType = sourcecode.swift; path = ContentView.swift; sourceTree = "<group>"; };
		499B07562C8BD6B900C46FDD /* Assets.xcassets */ = {isa = PBXFileReference; lastKnownFileType = folder.assetcatalog; path = Assets.xcassets; sourceTree = "<group>"; };
		499B07592C8BD6B900C46FDD /* Preview Assets.xcassets */ = {isa = PBXFileReference; lastKnownFileType = folder.assetcatalog; path = "Preview Assets.xcassets"; sourceTree = "<group>"; };
		499B07652C8BEFBF00C46FDD /* Colors.xcassets */ = {isa = PBXFileReference; lastKnownFileType = folder.assetcatalog; path = Colors.xcassets; sourceTree = "<group>"; };
		499B07682C8BEFDB00C46FDD /* SplashFeature.swift */ = {isa = PBXFileReference; lastKnownFileType = sourcecode.swift; path = SplashFeature.swift; sourceTree = "<group>"; };
		49B8AF042C8C5D3900EA78CC /* Colors+Generated.swift */ = {isa = PBXFileReference; fileEncoding = 4; lastKnownFileType = sourcecode.swift; path = "Colors+Generated.swift"; sourceTree = "<group>"; };
		49B8AF052C8C5D3900EA78CC /* Images+Generated.swift */ = {isa = PBXFileReference; fileEncoding = 4; lastKnownFileType = sourcecode.swift; path = "Images+Generated.swift"; sourceTree = "<group>"; };
		AD4187D22C94150B0071AD99 /* OnboardingUserInfoModel.swift */ = {isa = PBXFileReference; lastKnownFileType = sourcecode.swift; path = OnboardingUserInfoModel.swift; sourceTree = "<group>"; };
		AD4187D42C9416400071AD99 /* GenderType.swift */ = {isa = PBXFileReference; lastKnownFileType = sourcecode.swift; path = GenderType.swift; sourceTree = "<group>"; };
		AD4187D62C9416510071AD99 /* LevelType.swift */ = {isa = PBXFileReference; lastKnownFileType = sourcecode.swift; path = LevelType.swift; sourceTree = "<group>"; };
		ADBACAA22C92D4BF00BED61C /* GenderSelectFeature.swift */ = {isa = PBXFileReference; lastKnownFileType = sourcecode.swift; path = GenderSelectFeature.swift; sourceTree = "<group>"; };
		ADC5B0572C92E04000E06C8E /* NicknameFeature.swift */ = {isa = PBXFileReference; lastKnownFileType = sourcecode.swift; path = NicknameFeature.swift; sourceTree = "<group>"; };
		ADC5B0632C93D4DC00E06C8E /* Fonts+Generated.swift */ = {isa = PBXFileReference; fileEncoding = 4; lastKnownFileType = sourcecode.swift; path = "Fonts+Generated.swift"; sourceTree = "<group>"; };
/* End PBXFileReference section */

/* Begin PBXFrameworksBuildPhase section */
		499B074C2C8BD6B700C46FDD /* Frameworks */ = {
			isa = PBXFrameworksBuildPhase;
			buildActionMask = 2147483647;
			files = (
				499B07622C8BEEFD00C46FDD /* ComposableArchitecture in Frameworks */,
			);
			runOnlyForDeploymentPostprocessing = 0;
		};
/* End PBXFrameworksBuildPhase section */

/* Begin PBXGroup section */
		49101A732C8D379C00FDB709 /* Home */ = {
			isa = PBXGroup;
			children = (
				49101A712C8D374400FDB709 /* HomeFeature.swift */,
			);
			path = Home;
			sourceTree = "<group>";
		};
		49101A762C8D384700FDB709 /* Settings */ = {
			isa = PBXGroup;
			children = (
				49101A742C8D37A500FDB709 /* SettingsFeature.swift */,
			);
			path = Settings;
			sourceTree = "<group>";
		};
		49101A7D2C8F3D3800FDB709 /* Onboarding */ = {
			isa = PBXGroup;
			children = (
				49101A7E2C90850F00FDB709 /* SocialLogin */,
				AD4187D02C940EAA0071AD99 /* Gender */,
				AD4187D12C940EBA0071AD99 /* Nickname */,
				49593C3B2C969CE9006105D1 /* Height */,
				4992E6832C97E076001A1375 /* Weight */,
				4992E6862C981701001A1375 /* Level */,
				4992E6892C98407E001A1375 /* Method */,
			);
			path = Onboarding;
			sourceTree = "<group>";
		};
		49101A7E2C90850F00FDB709 /* SocialLogin */ = {
			isa = PBXGroup;
			children = (
				49101A7B2C8F3D3100FDB709 /* SocialLoginFeature.swift */,
			);
			path = SocialLogin;
			sourceTree = "<group>";
		};
		49101A812C90871600FDB709 /* Manager */ = {
			isa = PBXGroup;
			children = (
				49101A7F2C9086B800FDB709 /* UserDefaultsManager.swift */,
			);
			path = Manager;
			sourceTree = "<group>";
		};
		49101A842C90878700FDB709 /* Model */ = {
			isa = PBXGroup;
			children = (
				49101A822C90878300FDB709 /* UserInfoModel.swift */,
				AD4187D22C94150B0071AD99 /* OnboardingUserInfoModel.swift */,
				AD4187D42C9416400071AD99 /* GenderType.swift */,
				AD4187D62C9416510071AD99 /* LevelType.swift */,
				4992E68C2C9865D5001A1375 /* MethodType.swift */,
				1CB97FD42C9921B0005ACECB /* WorkOutType.swift */,
				1CB97FD62C9921C8005ACECB /* ExerciseUnit.swift */,
				1CB97FD82C992440005ACECB /* WorkOutDayTagType.swift */,
				1CB97FD02C991F2C005ACECB /* WorkOutDayModel.swift */,
				1CB97FD22C991F49005ACECB /* WodModel.swift */,
			);
			path = Model;
			sourceTree = "<group>";
		};
		49593C342C96912C006105D1 /* Common */ = {
			isa = PBXGroup;
			children = (
				49593C372C969370006105D1 /* CustomView */,
				49593C382C969378006105D1 /* Modifier */,
			);
			path = Common;
			sourceTree = "<group>";
		};
		49593C372C969370006105D1 /* CustomView */ = {
			isa = PBXGroup;
			children = (
				49593C322C969126006105D1 /* CustomNavigationView.swift */,
			);
			path = CustomView;
			sourceTree = "<group>";
		};
		49593C382C969378006105D1 /* Modifier */ = {
			isa = PBXGroup;
			children = (
				49593C352C969293006105D1 /* ButtonTextModifier.swift */,
			);
			path = Modifier;
			sourceTree = "<group>";
		};
		49593C3B2C969CE9006105D1 /* Height */ = {
			isa = PBXGroup;
			children = (
				49593C392C969BC2006105D1 /* HeightInputFeature.swift */,
			);
			path = Height;
			sourceTree = "<group>";
		};
		4992E6832C97E076001A1375 /* Weight */ = {
			isa = PBXGroup;
			children = (
				4992E6812C97E068001A1375 /* WeightInputFeature.swift */,
			);
			path = Weight;
			sourceTree = "<group>";
		};
		4992E6862C981701001A1375 /* Level */ = {
			isa = PBXGroup;
			children = (
				4992E6842C980A04001A1375 /* LevelSelectFeature.swift */,
			);
			path = Level;
			sourceTree = "<group>";
		};
		4992E6892C98407E001A1375 /* Method */ = {
			isa = PBXGroup;
			children = (
				4992E6872C983DF6001A1375 /* MethodSelectFeature.swift */,
				4992E68E2C986A41001A1375 /* Description */,
			);
			path = Method;
			sourceTree = "<group>";
		};
		4992E68E2C986A41001A1375 /* Description */ = {
			isa = PBXGroup;
			children = (
				4992E68A2C98601B001A1375 /* MethodDescriptionFeature.swift */,
			);
			path = Description;
			sourceTree = "<group>";
		};
		499B07462C8BD6B700C46FDD = {
			isa = PBXGroup;
			children = (
				499B07512C8BD6B700C46FDD /* TodayWod */,
				499B07502C8BD6B700C46FDD /* Products */,
			);
			sourceTree = "<group>";
		};
		499B07502C8BD6B700C46FDD /* Products */ = {
			isa = PBXGroup;
			children = (
				499B074F2C8BD6B700C46FDD /* TodayWod.app */,
			);
			name = Products;
			sourceTree = "<group>";
		};
		499B07512C8BD6B700C46FDD /* TodayWod */ = {
			isa = PBXGroup;
			children = (
				499B07522C8BD6B700C46FDD /* TodayWodApp.swift */,
				499B07542C8BD6B700C46FDD /* ContentView.swift */,
				49101A812C90871600FDB709 /* Manager */,
				49101A842C90878700FDB709 /* Model */,
				499B076A2C8BEFDF00C46FDD /* Features */,
				499B07672C8BEFC600C46FDD /* Resources */,
				499B07582C8BD6B900C46FDD /* Preview Content */,
			);
			path = TodayWod;
			sourceTree = "<group>";
		};
		499B07582C8BD6B900C46FDD /* Preview Content */ = {
			isa = PBXGroup;
			children = (
				499B07592C8BD6B900C46FDD /* Preview Assets.xcassets */,
			);
			path = "Preview Content";
			sourceTree = "<group>";
		};
		499B07672C8BEFC600C46FDD /* Resources */ = {
			isa = PBXGroup;
			children = (
				49B8AEFF2C8C5B8000EA78CC /* SwiftGen */,
				ADC5B0592C93D02300E06C8E /* Fonts */,
				499B07562C8BD6B900C46FDD /* Assets.xcassets */,
				499B07652C8BEFBF00C46FDD /* Colors.xcassets */,
				1CC1FCCC2C91C532005FC6A2 /* Images.xcassets */,
			);
			path = Resources;
			sourceTree = "<group>";
		};
		499B076A2C8BEFDF00C46FDD /* Features */ = {
			isa = PBXGroup;
			children = (
				49593C342C96912C006105D1 /* Common */,
				ADBACAA12C92BBCF00BED61C /* Root */,
				ADBACA9F2C92BBB900BED61C /* Splash */,
				ADBACAA02C92BBC300BED61C /* Tab */,
				49101A732C8D379C00FDB709 /* Home */,
				49101A762C8D384700FDB709 /* Settings */,
				49101A7D2C8F3D3800FDB709 /* Onboarding */,
			);
			path = Features;
			sourceTree = "<group>";
		};
		49B8AEFF2C8C5B8000EA78CC /* SwiftGen */ = {
			isa = PBXGroup;
			children = (
				ADC5B0632C93D4DC00E06C8E /* Fonts+Generated.swift */,
				49B8AF042C8C5D3900EA78CC /* Colors+Generated.swift */,
				49B8AF052C8C5D3900EA78CC /* Images+Generated.swift */,
			);
			path = SwiftGen;
			sourceTree = "<group>";
		};
		AD4187D02C940EAA0071AD99 /* Gender */ = {
			isa = PBXGroup;
			children = (
				ADBACAA22C92D4BF00BED61C /* GenderSelectFeature.swift */,
			);
			path = Gender;
			sourceTree = "<group>";
		};
		AD4187D12C940EBA0071AD99 /* Nickname */ = {
			isa = PBXGroup;
			children = (
				ADC5B0572C92E04000E06C8E /* NicknameFeature.swift */,
			);
			path = Nickname;
			sourceTree = "<group>";
		};
		ADBACA9F2C92BBB900BED61C /* Splash */ = {
			isa = PBXGroup;
			children = (
				499B07682C8BEFDB00C46FDD /* SplashFeature.swift */,
			);
			path = Splash;
			sourceTree = "<group>";
		};
		ADBACAA02C92BBC300BED61C /* Tab */ = {
			isa = PBXGroup;
			children = (
				49101A6F2C8D373D00FDB709 /* AppFeature.swift */,
			);
			path = Tab;
			sourceTree = "<group>";
		};
		ADBACAA12C92BBCF00BED61C /* Root */ = {
			isa = PBXGroup;
			children = (
				49101A792C8D3DE800FDB709 /* TodayWod.swift */,
			);
			path = Root;
			sourceTree = "<group>";
		};
		ADC5B0592C93D02300E06C8E /* Fonts */ = {
			isa = PBXGroup;
			children = (
				49593C232C9570F4006105D1 /* Pretendard-Black.otf */,
				49593C212C9570F3006105D1 /* Pretendard-Bold.otf */,
				49593C272C9570F4006105D1 /* Pretendard-ExtraBold.otf */,
				49593C282C9570F4006105D1 /* Pretendard-ExtraLight.otf */,
				49593C262C9570F4006105D1 /* Pretendard-Light.otf */,
				49593C222C9570F4006105D1 /* Pretendard-Medium.otf */,
				49593C242C9570F4006105D1 /* Pretendard-Regular.otf */,
				49593C252C9570F4006105D1 /* Pretendard-SemiBold.otf */,
				49593C202C9570F3006105D1 /* Pretendard-Thin.otf */,
			);
			path = Fonts;
			sourceTree = "<group>";
		};
/* End PBXGroup section */

/* Begin PBXNativeTarget section */
		499B074E2C8BD6B700C46FDD /* TodayWod */ = {
			isa = PBXNativeTarget;
			buildConfigurationList = 499B075D2C8BD6B900C46FDD /* Build configuration list for PBXNativeTarget "TodayWod" */;
			buildPhases = (
				499B074B2C8BD6B700C46FDD /* Sources */,
				499B074C2C8BD6B700C46FDD /* Frameworks */,
				499B074D2C8BD6B700C46FDD /* Resources */,
				49B8AEFE2C8C577800EA78CC /* SwiftGen */,
			);
			buildRules = (
			);
			dependencies = (
			);
			name = TodayWod;
			packageProductDependencies = (
				499B07612C8BEEFD00C46FDD /* ComposableArchitecture */,
			);
			productName = TodayWod;
			productReference = 499B074F2C8BD6B700C46FDD /* TodayWod.app */;
			productType = "com.apple.product-type.application";
		};
/* End PBXNativeTarget section */

/* Begin PBXProject section */
		499B07472C8BD6B700C46FDD /* Project object */ = {
			isa = PBXProject;
			attributes = {
				BuildIndependentTargetsInParallel = 1;
				LastSwiftUpdateCheck = 1540;
				LastUpgradeCheck = 1540;
				TargetAttributes = {
					499B074E2C8BD6B700C46FDD = {
						CreatedOnToolsVersion = 15.4;
					};
				};
			};
			buildConfigurationList = 499B074A2C8BD6B700C46FDD /* Build configuration list for PBXProject "TodayWod" */;
			compatibilityVersion = "Xcode 14.0";
			developmentRegion = en;
			hasScannedForEncodings = 0;
			knownRegions = (
				en,
				Base,
			);
			mainGroup = 499B07462C8BD6B700C46FDD;
			packageReferences = (
				499B07602C8BEEFD00C46FDD /* XCRemoteSwiftPackageReference "swift-composable-architecture" */,
			);
			productRefGroup = 499B07502C8BD6B700C46FDD /* Products */;
			projectDirPath = "";
			projectRoot = "";
			targets = (
				499B074E2C8BD6B700C46FDD /* TodayWod */,
			);
		};
/* End PBXProject section */

/* Begin PBXResourcesBuildPhase section */
		499B074D2C8BD6B700C46FDD /* Resources */ = {
			isa = PBXResourcesBuildPhase;
			buildActionMask = 2147483647;
			files = (
				49593C2B2C9570F4006105D1 /* Pretendard-Medium.otf in Resources */,
				499B07662C8BEFBF00C46FDD /* Colors.xcassets in Resources */,
				49593C302C9570F4006105D1 /* Pretendard-ExtraBold.otf in Resources */,
				49593C2A2C9570F4006105D1 /* Pretendard-Bold.otf in Resources */,
				49593C292C9570F4006105D1 /* Pretendard-Thin.otf in Resources */,
				49593C2D2C9570F4006105D1 /* Pretendard-Regular.otf in Resources */,
				49593C2F2C9570F4006105D1 /* Pretendard-Light.otf in Resources */,
				49593C312C9570F4006105D1 /* Pretendard-ExtraLight.otf in Resources */,
				1CC1FCCD2C91C532005FC6A2 /* Images.xcassets in Resources */,
				499B075A2C8BD6B900C46FDD /* Preview Assets.xcassets in Resources */,
				49593C2E2C9570F4006105D1 /* Pretendard-SemiBold.otf in Resources */,
				49593C2C2C9570F4006105D1 /* Pretendard-Black.otf in Resources */,
				499B07572C8BD6B900C46FDD /* Assets.xcassets in Resources */,
			);
			runOnlyForDeploymentPostprocessing = 0;
		};
/* End PBXResourcesBuildPhase section */

/* Begin PBXShellScriptBuildPhase section */
		49B8AEFE2C8C577800EA78CC /* SwiftGen */ = {
			isa = PBXShellScriptBuildPhase;
			buildActionMask = 2147483647;
			files = (
			);
			inputFileListPaths = (
			);
			inputPaths = (
			);
			name = SwiftGen;
			outputFileListPaths = (
			);
			outputPaths = (
			);
			runOnlyForDeploymentPostprocessing = 0;
			shellPath = /bin/sh;
			shellScript = "# Type a script or drag a script file from your workspace to insert its path.\n/opt/homebrew/bin/swiftgen config run --config $SRCROOT/swiftgen.yml\n";
		};
/* End PBXShellScriptBuildPhase section */

/* Begin PBXSourcesBuildPhase section */
		499B074B2C8BD6B700C46FDD /* Sources */ = {
			isa = PBXSourcesBuildPhase;
			buildActionMask = 2147483647;
			files = (
				1CB97FD12C991F2C005ACECB /* WorkOutDayModel.swift in Sources */,
				49101A702C8D373D00FDB709 /* AppFeature.swift in Sources */,
				ADBACAA32C92D4BF00BED61C /* GenderSelectFeature.swift in Sources */,
				49593C3A2C969BC2006105D1 /* HeightInputFeature.swift in Sources */,
				ADC5B0582C92E04000E06C8E /* NicknameFeature.swift in Sources */,
				4992E6852C980A04001A1375 /* LevelSelectFeature.swift in Sources */,
				49593C362C969294006105D1 /* ButtonTextModifier.swift in Sources */,
				499B07692C8BEFDB00C46FDD /* SplashFeature.swift in Sources */,
				1CB97FD72C9921C8005ACECB /* ExerciseUnit.swift in Sources */,
				49101A722C8D374400FDB709 /* HomeFeature.swift in Sources */,
				4992E68D2C9865D5001A1375 /* MethodType.swift in Sources */,
				4992E68B2C98601B001A1375 /* MethodDescriptionFeature.swift in Sources */,
				49B8AF062C8C5D3900EA78CC /* Colors+Generated.swift in Sources */,
				4992E6882C983DF6001A1375 /* MethodSelectFeature.swift in Sources */,
				49101A802C9086B800FDB709 /* UserDefaultsManager.swift in Sources */,
				AD4187D32C94150B0071AD99 /* OnboardingUserInfoModel.swift in Sources */,
				1CB97FD52C9921B0005ACECB /* WorkOutType.swift in Sources */,
				499B07552C8BD6B700C46FDD /* ContentView.swift in Sources */,
				AD4187D52C9416400071AD99 /* GenderType.swift in Sources */,
				49101A832C90878300FDB709 /* UserInfoModel.swift in Sources */,
				49101A752C8D37A500FDB709 /* SettingsFeature.swift in Sources */,
				1CB97FD92C992441005ACECB /* WorkOutDayTagType.swift in Sources */,
				49101A7A2C8D3DE800FDB709 /* TodayWod.swift in Sources */,
				49B8AF072C8C5D3900EA78CC /* Images+Generated.swift in Sources */,
				AD4187D72C9416510071AD99 /* LevelType.swift in Sources */,
				ADC5B0642C93D4DC00E06C8E /* Fonts+Generated.swift in Sources */,
				499B07532C8BD6B700C46FDD /* TodayWodApp.swift in Sources */,
				1CB97FD32C991F49005ACECB /* WodModel.swift in Sources */,
				4992E6822C97E068001A1375 /* WeightInputFeature.swift in Sources */,
				49101A7C2C8F3D3100FDB709 /* SocialLoginFeature.swift in Sources */,
				49593C332C969126006105D1 /* CustomNavigationView.swift in Sources */,
			);
			runOnlyForDeploymentPostprocessing = 0;
		};
/* End PBXSourcesBuildPhase section */

/* Begin XCBuildConfiguration section */
		499B075B2C8BD6B900C46FDD /* Debug */ = {
			isa = XCBuildConfiguration;
			buildSettings = {
				ALWAYS_SEARCH_USER_PATHS = NO;
				ASSETCATALOG_COMPILER_GENERATE_SWIFT_ASSET_SYMBOL_EXTENSIONS = YES;
				CLANG_ANALYZER_NONNULL = YES;
				CLANG_ANALYZER_NUMBER_OBJECT_CONVERSION = YES_AGGRESSIVE;
				CLANG_CXX_LANGUAGE_STANDARD = "gnu++20";
				CLANG_ENABLE_MODULES = YES;
				CLANG_ENABLE_OBJC_ARC = YES;
				CLANG_ENABLE_OBJC_WEAK = YES;
				CLANG_WARN_BLOCK_CAPTURE_AUTORELEASING = YES;
				CLANG_WARN_BOOL_CONVERSION = YES;
				CLANG_WARN_COMMA = YES;
				CLANG_WARN_CONSTANT_CONVERSION = YES;
				CLANG_WARN_DEPRECATED_OBJC_IMPLEMENTATIONS = YES;
				CLANG_WARN_DIRECT_OBJC_ISA_USAGE = YES_ERROR;
				CLANG_WARN_DOCUMENTATION_COMMENTS = YES;
				CLANG_WARN_EMPTY_BODY = YES;
				CLANG_WARN_ENUM_CONVERSION = YES;
				CLANG_WARN_INFINITE_RECURSION = YES;
				CLANG_WARN_INT_CONVERSION = YES;
				CLANG_WARN_NON_LITERAL_NULL_CONVERSION = YES;
				CLANG_WARN_OBJC_IMPLICIT_RETAIN_SELF = YES;
				CLANG_WARN_OBJC_LITERAL_CONVERSION = YES;
				CLANG_WARN_OBJC_ROOT_CLASS = YES_ERROR;
				CLANG_WARN_QUOTED_INCLUDE_IN_FRAMEWORK_HEADER = YES;
				CLANG_WARN_RANGE_LOOP_ANALYSIS = YES;
				CLANG_WARN_STRICT_PROTOTYPES = YES;
				CLANG_WARN_SUSPICIOUS_MOVE = YES;
				CLANG_WARN_UNGUARDED_AVAILABILITY = YES_AGGRESSIVE;
				CLANG_WARN_UNREACHABLE_CODE = YES;
				CLANG_WARN__DUPLICATE_METHOD_MATCH = YES;
				COPY_PHASE_STRIP = NO;
				DEBUG_INFORMATION_FORMAT = dwarf;
				ENABLE_STRICT_OBJC_MSGSEND = YES;
				ENABLE_TESTABILITY = YES;
				ENABLE_USER_SCRIPT_SANDBOXING = NO;
				GCC_C_LANGUAGE_STANDARD = gnu17;
				GCC_DYNAMIC_NO_PIC = NO;
				GCC_NO_COMMON_BLOCKS = YES;
				GCC_OPTIMIZATION_LEVEL = 0;
				GCC_PREPROCESSOR_DEFINITIONS = (
					"DEBUG=1",
					"$(inherited)",
				);
				GCC_WARN_64_TO_32_BIT_CONVERSION = YES;
				GCC_WARN_ABOUT_RETURN_TYPE = YES_ERROR;
				GCC_WARN_UNDECLARED_SELECTOR = YES;
				GCC_WARN_UNINITIALIZED_AUTOS = YES_AGGRESSIVE;
				GCC_WARN_UNUSED_FUNCTION = YES;
				GCC_WARN_UNUSED_VARIABLE = YES;
				IPHONEOS_DEPLOYMENT_TARGET = 16.0;
				LOCALIZATION_PREFERS_STRING_CATALOGS = YES;
				MTL_ENABLE_DEBUG_INFO = INCLUDE_SOURCE;
				MTL_FAST_MATH = YES;
				ONLY_ACTIVE_ARCH = YES;
				SDKROOT = iphoneos;
				SWIFT_ACTIVE_COMPILATION_CONDITIONS = "DEBUG $(inherited)";
				SWIFT_OPTIMIZATION_LEVEL = "-Onone";
			};
			name = Debug;
		};
		499B075C2C8BD6B900C46FDD /* Release */ = {
			isa = XCBuildConfiguration;
			buildSettings = {
				ALWAYS_SEARCH_USER_PATHS = NO;
				ASSETCATALOG_COMPILER_GENERATE_SWIFT_ASSET_SYMBOL_EXTENSIONS = YES;
				CLANG_ANALYZER_NONNULL = YES;
				CLANG_ANALYZER_NUMBER_OBJECT_CONVERSION = YES_AGGRESSIVE;
				CLANG_CXX_LANGUAGE_STANDARD = "gnu++20";
				CLANG_ENABLE_MODULES = YES;
				CLANG_ENABLE_OBJC_ARC = YES;
				CLANG_ENABLE_OBJC_WEAK = YES;
				CLANG_WARN_BLOCK_CAPTURE_AUTORELEASING = YES;
				CLANG_WARN_BOOL_CONVERSION = YES;
				CLANG_WARN_COMMA = YES;
				CLANG_WARN_CONSTANT_CONVERSION = YES;
				CLANG_WARN_DEPRECATED_OBJC_IMPLEMENTATIONS = YES;
				CLANG_WARN_DIRECT_OBJC_ISA_USAGE = YES_ERROR;
				CLANG_WARN_DOCUMENTATION_COMMENTS = YES;
				CLANG_WARN_EMPTY_BODY = YES;
				CLANG_WARN_ENUM_CONVERSION = YES;
				CLANG_WARN_INFINITE_RECURSION = YES;
				CLANG_WARN_INT_CONVERSION = YES;
				CLANG_WARN_NON_LITERAL_NULL_CONVERSION = YES;
				CLANG_WARN_OBJC_IMPLICIT_RETAIN_SELF = YES;
				CLANG_WARN_OBJC_LITERAL_CONVERSION = YES;
				CLANG_WARN_OBJC_ROOT_CLASS = YES_ERROR;
				CLANG_WARN_QUOTED_INCLUDE_IN_FRAMEWORK_HEADER = YES;
				CLANG_WARN_RANGE_LOOP_ANALYSIS = YES;
				CLANG_WARN_STRICT_PROTOTYPES = YES;
				CLANG_WARN_SUSPICIOUS_MOVE = YES;
				CLANG_WARN_UNGUARDED_AVAILABILITY = YES_AGGRESSIVE;
				CLANG_WARN_UNREACHABLE_CODE = YES;
				CLANG_WARN__DUPLICATE_METHOD_MATCH = YES;
				COPY_PHASE_STRIP = NO;
				DEBUG_INFORMATION_FORMAT = "dwarf-with-dsym";
				ENABLE_NS_ASSERTIONS = NO;
				ENABLE_STRICT_OBJC_MSGSEND = YES;
				ENABLE_USER_SCRIPT_SANDBOXING = NO;
				GCC_C_LANGUAGE_STANDARD = gnu17;
				GCC_NO_COMMON_BLOCKS = YES;
				GCC_WARN_64_TO_32_BIT_CONVERSION = YES;
				GCC_WARN_ABOUT_RETURN_TYPE = YES_ERROR;
				GCC_WARN_UNDECLARED_SELECTOR = YES;
				GCC_WARN_UNINITIALIZED_AUTOS = YES_AGGRESSIVE;
				GCC_WARN_UNUSED_FUNCTION = YES;
				GCC_WARN_UNUSED_VARIABLE = YES;
				IPHONEOS_DEPLOYMENT_TARGET = 16.0;
				LOCALIZATION_PREFERS_STRING_CATALOGS = YES;
				MTL_ENABLE_DEBUG_INFO = NO;
				MTL_FAST_MATH = YES;
				SDKROOT = iphoneos;
				SWIFT_COMPILATION_MODE = wholemodule;
				VALIDATE_PRODUCT = YES;
			};
			name = Release;
		};
		499B075E2C8BD6B900C46FDD /* Debug */ = {
			isa = XCBuildConfiguration;
			buildSettings = {
				ASSETCATALOG_COMPILER_APPICON_NAME = AppIcon;
				ASSETCATALOG_COMPILER_GLOBAL_ACCENT_COLOR_NAME = AccentColor;
				CODE_SIGN_IDENTITY = "Apple Development";
				"CODE_SIGN_IDENTITY[sdk=iphoneos*]" = "iPhone Developer";
				CODE_SIGN_STYLE = Manual;
				CURRENT_PROJECT_VERSION = 1;
				DEVELOPMENT_ASSET_PATHS = "\"TodayWod/Preview Content\"";
				DEVELOPMENT_TEAM = "";
				"DEVELOPMENT_TEAM[sdk=iphoneos*]" = VLXYWWGUU9;
				ENABLE_PREVIEWS = YES;
				GENERATE_INFOPLIST_FILE = YES;
				INFOPLIST_FILE = "";
				INFOPLIST_KEY_CFBundleDisplayName = TodayWod;
				INFOPLIST_KEY_UIApplicationSceneManifest_Generation = YES;
				INFOPLIST_KEY_UIApplicationSupportsIndirectInputEvents = YES;
				INFOPLIST_KEY_UILaunchScreen_Generation = YES;
				INFOPLIST_KEY_UISupportedInterfaceOrientations_iPad = "UIInterfaceOrientationPortrait UIInterfaceOrientationPortraitUpsideDown UIInterfaceOrientationLandscapeLeft UIInterfaceOrientationLandscapeRight";
				INFOPLIST_KEY_UISupportedInterfaceOrientations_iPhone = "UIInterfaceOrientationPortrait UIInterfaceOrientationLandscapeLeft UIInterfaceOrientationLandscapeRight";
				IPHONEOS_DEPLOYMENT_TARGET = 16.0;
				LD_RUNPATH_SEARCH_PATHS = (
					"$(inherited)",
					"@executable_path/Frameworks",
				);
				MARKETING_VERSION = 0.1;
				PRODUCT_BUNDLE_IDENTIFIER = com.tow.TodayWod.dev;
				PRODUCT_NAME = "$(TARGET_NAME)";
				PROVISIONING_PROFILE_SPECIFIER = "";
				"PROVISIONING_PROFILE_SPECIFIER[sdk=iphoneos*]" = "TodayWod Dev PP";
				SWIFT_EMIT_LOC_STRINGS = YES;
				SWIFT_VERSION = 5.0;
				TARGETED_DEVICE_FAMILY = "1,2";
				VERSIONING_SYSTEM = "apple-generic";
			};
			name = Debug;
		};
		499B075F2C8BD6B900C46FDD /* Release */ = {
			isa = XCBuildConfiguration;
			buildSettings = {
				ASSETCATALOG_COMPILER_APPICON_NAME = AppIcon;
				ASSETCATALOG_COMPILER_GLOBAL_ACCENT_COLOR_NAME = AccentColor;
				CODE_SIGN_IDENTITY = "Apple Development";
				"CODE_SIGN_IDENTITY[sdk=iphoneos*]" = "iPhone Distribution";
				CODE_SIGN_STYLE = Manual;
				CURRENT_PROJECT_VERSION = 1;
				DEVELOPMENT_ASSET_PATHS = "\"TodayWod/Preview Content\"";
				DEVELOPMENT_TEAM = "";
				"DEVELOPMENT_TEAM[sdk=iphoneos*]" = VLXYWWGUU9;
				ENABLE_PREVIEWS = YES;
				GENERATE_INFOPLIST_FILE = YES;
				INFOPLIST_FILE = "";
				INFOPLIST_KEY_CFBundleDisplayName = TodayWod;
				INFOPLIST_KEY_UIApplicationSceneManifest_Generation = YES;
				INFOPLIST_KEY_UIApplicationSupportsIndirectInputEvents = YES;
				INFOPLIST_KEY_UILaunchScreen_Generation = YES;
				INFOPLIST_KEY_UISupportedInterfaceOrientations_iPad = "UIInterfaceOrientationPortrait UIInterfaceOrientationPortraitUpsideDown UIInterfaceOrientationLandscapeLeft UIInterfaceOrientationLandscapeRight";
				INFOPLIST_KEY_UISupportedInterfaceOrientations_iPhone = "UIInterfaceOrientationPortrait UIInterfaceOrientationLandscapeLeft UIInterfaceOrientationLandscapeRight";
				IPHONEOS_DEPLOYMENT_TARGET = 16.0;
				LD_RUNPATH_SEARCH_PATHS = (
					"$(inherited)",
					"@executable_path/Frameworks",
				);
				MARKETING_VERSION = 0.1;
				PRODUCT_BUNDLE_IDENTIFIER = com.tow.TodayWod;
				PRODUCT_NAME = "$(TARGET_NAME)";
				PROVISIONING_PROFILE_SPECIFIER = "";
				"PROVISIONING_PROFILE_SPECIFIER[sdk=iphoneos*]" = "TodayWod PP";
				SWIFT_EMIT_LOC_STRINGS = YES;
				SWIFT_VERSION = 5.0;
				TARGETED_DEVICE_FAMILY = "1,2";
				VERSIONING_SYSTEM = "apple-generic";
			};
			name = Release;
		};
/* End XCBuildConfiguration section */

/* Begin XCConfigurationList section */
		499B074A2C8BD6B700C46FDD /* Build configuration list for PBXProject "TodayWod" */ = {
			isa = XCConfigurationList;
			buildConfigurations = (
				499B075B2C8BD6B900C46FDD /* Debug */,
				499B075C2C8BD6B900C46FDD /* Release */,
			);
			defaultConfigurationIsVisible = 0;
			defaultConfigurationName = Release;
		};
		499B075D2C8BD6B900C46FDD /* Build configuration list for PBXNativeTarget "TodayWod" */ = {
			isa = XCConfigurationList;
			buildConfigurations = (
				499B075E2C8BD6B900C46FDD /* Debug */,
				499B075F2C8BD6B900C46FDD /* Release */,
			);
			defaultConfigurationIsVisible = 0;
			defaultConfigurationName = Release;
		};
/* End XCConfigurationList section */

/* Begin XCRemoteSwiftPackageReference section */
		499B07602C8BEEFD00C46FDD /* XCRemoteSwiftPackageReference "swift-composable-architecture" */ = {
			isa = XCRemoteSwiftPackageReference;
			repositoryURL = "https://github.com/pointfreeco/swift-composable-architecture";
			requirement = {
				kind = upToNextMajorVersion;
				minimumVersion = 1.14.0;
			};
		};
/* End XCRemoteSwiftPackageReference section */

/* Begin XCSwiftPackageProductDependency section */
		499B07612C8BEEFD00C46FDD /* ComposableArchitecture */ = {
			isa = XCSwiftPackageProductDependency;
			package = 499B07602C8BEEFD00C46FDD /* XCRemoteSwiftPackageReference "swift-composable-architecture" */;
			productName = ComposableArchitecture;
		};
/* End XCSwiftPackageProductDependency section */
	};
	rootObject = 499B07472C8BD6B700C46FDD /* Project object */;
}
